// !$*UTF8*$!
{
	archiveVersion = 1;
	classes = {
	};
	objectVersion = 56;
	objects = {

/* Begin PBXBuildFile section */
		0EB9D18628F660BB00C7C557 /* main.swift in Sources */ = {isa = PBXBuildFile; fileRef = 0EB9D18528F660BB00C7C557 /* main.swift */; };
		0EB9D19328F6615100C7C557 /* main.swift in Sources */ = {isa = PBXBuildFile; fileRef = 0EB9D19228F6615100C7C557 /* main.swift */; };
		0EB9D19E28F666E000C7C557 /* main.swift in Sources */ = {isa = PBXBuildFile; fileRef = 0EB9D19D28F666E000C7C557 /* main.swift */; };
		0EB9D1A928F6687900C7C557 /* main.swift in Sources */ = {isa = PBXBuildFile; fileRef = 0EB9D1A828F6687900C7C557 /* main.swift */; };
/* End PBXBuildFile section */

/* Begin PBXCopyFilesBuildPhase section */
		0EB9D18028F660BB00C7C557 /* CopyFiles */ = {
			isa = PBXCopyFilesBuildPhase;
			buildActionMask = 2147483647;
			dstPath = /usr/share/man/man1/;
			dstSubfolderSpec = 0;
			files = (
			);
			runOnlyForDeploymentPostprocessing = 1;
		};
		0EB9D18E28F6615100C7C557 /* CopyFiles */ = {
			isa = PBXCopyFilesBuildPhase;
			buildActionMask = 2147483647;
			dstPath = /usr/share/man/man1/;
			dstSubfolderSpec = 0;
			files = (
			);
			runOnlyForDeploymentPostprocessing = 1;
		};
		0EB9D19928F666DF00C7C557 /* CopyFiles */ = {
			isa = PBXCopyFilesBuildPhase;
			buildActionMask = 2147483647;
			dstPath = /usr/share/man/man1/;
			dstSubfolderSpec = 0;
			files = (
			);
			runOnlyForDeploymentPostprocessing = 1;
		};
		0EB9D1A428F6687900C7C557 /* CopyFiles */ = {
			isa = PBXCopyFilesBuildPhase;
			buildActionMask = 2147483647;
			dstPath = /usr/share/man/man1/;
			dstSubfolderSpec = 0;
			files = (
			);
			runOnlyForDeploymentPostprocessing = 1;
		};
/* End PBXCopyFilesBuildPhase section */

/* Begin PBXFileReference section */
		0EB9D18228F660BB00C7C557 /* SwiftAlgorithm */ = {isa = PBXFileReference; explicitFileType = "compiled.mach-o.executable"; includeInIndex = 0; path = SwiftAlgorithm; sourceTree = BUILT_PRODUCTS_DIR; };
		0EB9D18528F660BB00C7C557 /* main.swift */ = {isa = PBXFileReference; lastKnownFileType = sourcecode.swift; path = main.swift; sourceTree = "<group>"; };
		0EB9D19028F6615100C7C557 /* aPlusb */ = {isa = PBXFileReference; explicitFileType = "compiled.mach-o.executable"; includeInIndex = 0; path = aPlusb; sourceTree = BUILT_PRODUCTS_DIR; };
		0EB9D19228F6615100C7C557 /* main.swift */ = {isa = PBXFileReference; lastKnownFileType = sourcecode.swift; path = main.swift; sourceTree = "<group>"; };
		0EB9D19B28F666DF00C7C557 /* aMinusb */ = {isa = PBXFileReference; explicitFileType = "compiled.mach-o.executable"; includeInIndex = 0; path = aMinusb; sourceTree = BUILT_PRODUCTS_DIR; };
		0EB9D19D28F666E000C7C557 /* main.swift */ = {isa = PBXFileReference; lastKnownFileType = sourcecode.swift; path = main.swift; sourceTree = "<group>"; };
		0EB9D1A628F6687900C7C557 /* wordCount */ = {isa = PBXFileReference; explicitFileType = "compiled.mach-o.executable"; includeInIndex = 0; path = wordCount; sourceTree = BUILT_PRODUCTS_DIR; };
		0EB9D1A828F6687900C7C557 /* main.swift */ = {isa = PBXFileReference; lastKnownFileType = sourcecode.swift; path = main.swift; sourceTree = "<group>"; };
/* End PBXFileReference section */

/* Begin PBXFrameworksBuildPhase section */
		0EB9D17F28F660BB00C7C557 /* Frameworks */ = {
			isa = PBXFrameworksBuildPhase;
			buildActionMask = 2147483647;
			files = (
			);
			runOnlyForDeploymentPostprocessing = 0;
		};
		0EB9D18D28F6615100C7C557 /* Frameworks */ = {
			isa = PBXFrameworksBuildPhase;
			buildActionMask = 2147483647;
			files = (
			);
			runOnlyForDeploymentPostprocessing = 0;
		};
		0EB9D19828F666DF00C7C557 /* Frameworks */ = {
			isa = PBXFrameworksBuildPhase;
			buildActionMask = 2147483647;
			files = (
			);
			runOnlyForDeploymentPostprocessing = 0;
		};
		0EB9D1A328F6687900C7C557 /* Frameworks */ = {
			isa = PBXFrameworksBuildPhase;
			buildActionMask = 2147483647;
			files = (
			);
			runOnlyForDeploymentPostprocessing = 0;
		};
/* End PBXFrameworksBuildPhase section */

/* Begin PBXGroup section */
		0EB9D17928F660BB00C7C557 = {
			isa = PBXGroup;
			children = (
				0EB9D1A728F6687900C7C557 /* wordCount */,
				0EB9D18428F660BB00C7C557 /* stack */,
				0EB9D19128F6615100C7C557 /* aPlusb */,
				0EB9D19C28F666E000C7C557 /* aMinusb */,
				0EB9D18328F660BB00C7C557 /* Products */,
			);
			sourceTree = "<group>";
		};
		0EB9D18328F660BB00C7C557 /* Products */ = {
			isa = PBXGroup;
			children = (
				0EB9D18228F660BB00C7C557 /* SwiftAlgorithm */,
				0EB9D19028F6615100C7C557 /* aPlusb */,
				0EB9D19B28F666DF00C7C557 /* aMinusb */,
				0EB9D1A628F6687900C7C557 /* wordCount */,
			);
			name = Products;
			sourceTree = "<group>";
		};
		0EB9D18428F660BB00C7C557 /* stack */ = {
			isa = PBXGroup;
			children = (
				0EB9D18528F660BB00C7C557 /* main.swift */,
			);
			path = stack;
			sourceTree = "<group>";
		};
		0EB9D19128F6615100C7C557 /* aPlusb */ = {
			isa = PBXGroup;
			children = (
				0EB9D19228F6615100C7C557 /* main.swift */,
			);
			path = aPlusb;
			sourceTree = "<group>";
		};
		0EB9D19C28F666E000C7C557 /* aMinusb */ = {
			isa = PBXGroup;
			children = (
				0EB9D19D28F666E000C7C557 /* main.swift */,
			);
			path = aMinusb;
			sourceTree = "<group>";
		};
		0EB9D1A728F6687900C7C557 /* wordCount */ = {
			isa = PBXGroup;
			children = (
				0EB9D1A828F6687900C7C557 /* main.swift */,
			);
			path = wordCount;
			sourceTree = "<group>";
		};
/* End PBXGroup section */

/* Begin PBXNativeTarget section */
		0EB9D18128F660BB00C7C557 /* SwiftAlgorithm */ = {
			isa = PBXNativeTarget;
			buildConfigurationList = 0EB9D18928F660BB00C7C557 /* Build configuration list for PBXNativeTarget "SwiftAlgorithm" */;
			buildPhases = (
				0EB9D17E28F660BB00C7C557 /* Sources */,
				0EB9D17F28F660BB00C7C557 /* Frameworks */,
				0EB9D18028F660BB00C7C557 /* CopyFiles */,
			);
			buildRules = (
			);
			dependencies = (
			);
			name = SwiftAlgorithm;
			productName = SwiftAlgorithm;
			productReference = 0EB9D18228F660BB00C7C557 /* SwiftAlgorithm */;
			productType = "com.apple.product-type.tool";
		};
		0EB9D18F28F6615100C7C557 /* aPlusb */ = {
			isa = PBXNativeTarget;
			buildConfigurationList = 0EB9D19428F6615100C7C557 /* Build configuration list for PBXNativeTarget "aPlusb" */;
			buildPhases = (
				0EB9D18C28F6615100C7C557 /* Sources */,
				0EB9D18D28F6615100C7C557 /* Frameworks */,
				0EB9D18E28F6615100C7C557 /* CopyFiles */,
			);
			buildRules = (
			);
			dependencies = (
			);
			name = aPlusb;
			productName = aPlusb;
			productReference = 0EB9D19028F6615100C7C557 /* aPlusb */;
			productType = "com.apple.product-type.tool";
		};
		0EB9D19A28F666DF00C7C557 /* aMinusb */ = {
			isa = PBXNativeTarget;
			buildConfigurationList = 0EB9D19F28F666E000C7C557 /* Build configuration list for PBXNativeTarget "aMinusb" */;
			buildPhases = (
				0EB9D19728F666DF00C7C557 /* Sources */,
				0EB9D19828F666DF00C7C557 /* Frameworks */,
				0EB9D19928F666DF00C7C557 /* CopyFiles */,
			);
			buildRules = (
			);
			dependencies = (
			);
			name = aMinusb;
			productName = aMinusb;
			productReference = 0EB9D19B28F666DF00C7C557 /* aMinusb */;
			productType = "com.apple.product-type.tool";
		};
		0EB9D1A528F6687900C7C557 /* wordCount */ = {
			isa = PBXNativeTarget;
			buildConfigurationList = 0EB9D1AA28F6687900C7C557 /* Build configuration list for PBXNativeTarget "wordCount" */;
			buildPhases = (
				0EB9D1A228F6687900C7C557 /* Sources */,
				0EB9D1A328F6687900C7C557 /* Frameworks */,
				0EB9D1A428F6687900C7C557 /* CopyFiles */,
			);
			buildRules = (
			);
			dependencies = (
			);
			name = wordCount;
			productName = wordCount;
			productReference = 0EB9D1A628F6687900C7C557 /* wordCount */;
			productType = "com.apple.product-type.tool";
		};
/* End PBXNativeTarget section */

/* Begin PBXProject section */
		0EB9D17A28F660BB00C7C557 /* Project object */ = {
			isa = PBXProject;
			attributes = {
				BuildIndependentTargetsInParallel = 1;
				LastSwiftUpdateCheck = 1400;
				LastUpgradeCheck = 1400;
				TargetAttributes = {
					0EB9D18128F660BB00C7C557 = {
						CreatedOnToolsVersion = 14.0.1;
					};
					0EB9D18F28F6615100C7C557 = {
						CreatedOnToolsVersion = 14.0.1;
					};
					0EB9D19A28F666DF00C7C557 = {
						CreatedOnToolsVersion = 14.0.1;
					};
					0EB9D1A528F6687900C7C557 = {
						CreatedOnToolsVersion = 14.0.1;
					};
				};
			};
			buildConfigurationList = 0EB9D17D28F660BB00C7C557 /* Build configuration list for PBXProject "SwiftAlgorithm" */;
			compatibilityVersion = "Xcode 14.0";
			developmentRegion = en;
			hasScannedForEncodings = 0;
			knownRegions = (
				en,
				Base,
			);
			mainGroup = 0EB9D17928F660BB00C7C557;
			productRefGroup = 0EB9D18328F660BB00C7C557 /* Products */;
			projectDirPath = "";
			projectRoot = "";
			targets = (
				0EB9D18128F660BB00C7C557 /* SwiftAlgorithm */,
				0EB9D18F28F6615100C7C557 /* aPlusb */,
				0EB9D19A28F666DF00C7C557 /* aMinusb */,
				0EB9D1A528F6687900C7C557 /* wordCount */,
			);
		};
/* End PBXProject section */

/* Begin PBXSourcesBuildPhase section */
		0EB9D17E28F660BB00C7C557 /* Sources */ = {
			isa = PBXSourcesBuildPhase;
			buildActionMask = 2147483647;
			files = (
				0EB9D18628F660BB00C7C557 /* main.swift in Sources */,
			);
			runOnlyForDeploymentPostprocessing = 0;
		};
		0EB9D18C28F6615100C7C557 /* Sources */ = {
			isa = PBXSourcesBuildPhase;
			buildActionMask = 2147483647;
			files = (
				0EB9D19328F6615100C7C557 /* main.swift in Sources */,
			);
			runOnlyForDeploymentPostprocessing = 0;
		};
		0EB9D19728F666DF00C7C557 /* Sources */ = {
			isa = PBXSourcesBuildPhase;
			buildActionMask = 2147483647;
			files = (
				0EB9D19E28F666E000C7C557 /* main.swift in Sources */,
			);
			runOnlyForDeploymentPostprocessing = 0;
		};
		0EB9D1A228F6687900C7C557 /* Sources */ = {
			isa = PBXSourcesBuildPhase;
			buildActionMask = 2147483647;
			files = (
				0EB9D1A928F6687900C7C557 /* main.swift in Sources */,
			);
			runOnlyForDeploymentPostprocessing = 0;
		};
/* End PBXSourcesBuildPhase section */

/* Begin XCBuildConfiguration section */
		0EB9D18728F660BB00C7C557 /* Debug */ = {
			isa = XCBuildConfiguration;
			buildSettings = {
				ALWAYS_SEARCH_USER_PATHS = NO;
				CLANG_ANALYZER_NONNULL = YES;
				CLANG_ANALYZER_NUMBER_OBJECT_CONVERSION = YES_AGGRESSIVE;
				CLANG_CXX_LANGUAGE_STANDARD = "gnu++20";
				CLANG_ENABLE_MODULES = YES;
				CLANG_ENABLE_OBJC_ARC = YES;
				CLANG_ENABLE_OBJC_WEAK = YES;
				CLANG_WARN_BLOCK_CAPTURE_AUTORELEASING = YES;
				CLANG_WARN_BOOL_CONVERSION = YES;
				CLANG_WARN_COMMA = YES;
				CLANG_WARN_CONSTANT_CONVERSION = YES;
				CLANG_WARN_DEPRECATED_OBJC_IMPLEMENTATIONS = YES;
				CLANG_WARN_DIRECT_OBJC_ISA_USAGE = YES_ERROR;
				CLANG_WARN_DOCUMENTATION_COMMENTS = YES;
				CLANG_WARN_EMPTY_BODY = YES;
				CLANG_WARN_ENUM_CONVERSION = YES;
				CLANG_WARN_INFINITE_RECURSION = YES;
				CLANG_WARN_INT_CONVERSION = YES;
				CLANG_WARN_NON_LITERAL_NULL_CONVERSION = YES;
				CLANG_WARN_OBJC_IMPLICIT_RETAIN_SELF = YES;
				CLANG_WARN_OBJC_LITERAL_CONVERSION = YES;
				CLANG_WARN_OBJC_ROOT_CLASS = YES_ERROR;
				CLANG_WARN_QUOTED_INCLUDE_IN_FRAMEWORK_HEADER = YES;
				CLANG_WARN_RANGE_LOOP_ANALYSIS = YES;
				CLANG_WARN_STRICT_PROTOTYPES = YES;
				CLANG_WARN_SUSPICIOUS_MOVE = YES;
				CLANG_WARN_UNGUARDED_AVAILABILITY = YES_AGGRESSIVE;
				CLANG_WARN_UNREACHABLE_CODE = YES;
				CLANG_WARN__DUPLICATE_METHOD_MATCH = YES;
				COPY_PHASE_STRIP = NO;
				DEBUG_INFORMATION_FORMAT = dwarf;
				ENABLE_STRICT_OBJC_MSGSEND = YES;
				ENABLE_TESTABILITY = YES;
				GCC_C_LANGUAGE_STANDARD = gnu11;
				GCC_DYNAMIC_NO_PIC = NO;
				GCC_NO_COMMON_BLOCKS = YES;
				GCC_OPTIMIZATION_LEVEL = 0;
				GCC_PREPROCESSOR_DEFINITIONS = (
					"DEBUG=1",
					"$(inherited)",
				);
				GCC_WARN_64_TO_32_BIT_CONVERSION = YES;
				GCC_WARN_ABOUT_RETURN_TYPE = YES_ERROR;
				GCC_WARN_UNDECLARED_SELECTOR = YES;
				GCC_WARN_UNINITIALIZED_AUTOS = YES_AGGRESSIVE;
				GCC_WARN_UNUSED_FUNCTION = YES;
				GCC_WARN_UNUSED_VARIABLE = YES;
				MACOSX_DEPLOYMENT_TARGET = 12.3;
				MTL_ENABLE_DEBUG_INFO = INCLUDE_SOURCE;
				MTL_FAST_MATH = YES;
				ONLY_ACTIVE_ARCH = YES;
				SDKROOT = macosx;
				SWIFT_ACTIVE_COMPILATION_CONDITIONS = DEBUG;
				SWIFT_OPTIMIZATION_LEVEL = "-Onone";
			};
			name = Debug;
		};
		0EB9D18828F660BB00C7C557 /* Release */ = {
			isa = XCBuildConfiguration;
			buildSettings = {
				ALWAYS_SEARCH_USER_PATHS = NO;
				CLANG_ANALYZER_NONNULL = YES;
				CLANG_ANALYZER_NUMBER_OBJECT_CONVERSION = YES_AGGRESSIVE;
				CLANG_CXX_LANGUAGE_STANDARD = "gnu++20";
				CLANG_ENABLE_MODULES = YES;
				CLANG_ENABLE_OBJC_ARC = YES;
				CLANG_ENABLE_OBJC_WEAK = YES;
				CLANG_WARN_BLOCK_CAPTURE_AUTORELEASING = YES;
				CLANG_WARN_BOOL_CONVERSION = YES;
				CLANG_WARN_COMMA = YES;
				CLANG_WARN_CONSTANT_CONVERSION = YES;
				CLANG_WARN_DEPRECATED_OBJC_IMPLEMENTATIONS = YES;
				CLANG_WARN_DIRECT_OBJC_ISA_USAGE = YES_ERROR;
				CLANG_WARN_DOCUMENTATION_COMMENTS = YES;
				CLANG_WARN_EMPTY_BODY = YES;
				CLANG_WARN_ENUM_CONVERSION = YES;
				CLANG_WARN_INFINITE_RECURSION = YES;
				CLANG_WARN_INT_CONVERSION = YES;
				CLANG_WARN_NON_LITERAL_NULL_CONVERSION = YES;
				CLANG_WARN_OBJC_IMPLICIT_RETAIN_SELF = YES;
				CLANG_WARN_OBJC_LITERAL_CONVERSION = YES;
				CLANG_WARN_OBJC_ROOT_CLASS = YES_ERROR;
				CLANG_WARN_QUOTED_INCLUDE_IN_FRAMEWORK_HEADER = YES;
				CLANG_WARN_RANGE_LOOP_ANALYSIS = YES;
				CLANG_WARN_STRICT_PROTOTYPES = YES;
				CLANG_WARN_SUSPICIOUS_MOVE = YES;
				CLANG_WARN_UNGUARDED_AVAILABILITY = YES_AGGRESSIVE;
				CLANG_WARN_UNREACHABLE_CODE = YES;
				CLANG_WARN__DUPLICATE_METHOD_MATCH = YES;
				COPY_PHASE_STRIP = NO;
				DEBUG_INFORMATION_FORMAT = "dwarf-with-dsym";
				ENABLE_NS_ASSERTIONS = NO;
				ENABLE_STRICT_OBJC_MSGSEND = YES;
				GCC_C_LANGUAGE_STANDARD = gnu11;
				GCC_NO_COMMON_BLOCKS = YES;
				GCC_WARN_64_TO_32_BIT_CONVERSION = YES;
				GCC_WARN_ABOUT_RETURN_TYPE = YES_ERROR;
				GCC_WARN_UNDECLARED_SELECTOR = YES;
				GCC_WARN_UNINITIALIZED_AUTOS = YES_AGGRESSIVE;
				GCC_WARN_UNUSED_FUNCTION = YES;
				GCC_WARN_UNUSED_VARIABLE = YES;
				MACOSX_DEPLOYMENT_TARGET = 12.3;
				MTL_ENABLE_DEBUG_INFO = NO;
				MTL_FAST_MATH = YES;
				SDKROOT = macosx;
				SWIFT_COMPILATION_MODE = wholemodule;
				SWIFT_OPTIMIZATION_LEVEL = "-O";
			};
			name = Release;
		};
		0EB9D18A28F660BB00C7C557 /* Debug */ = {
			isa = XCBuildConfiguration;
			buildSettings = {
				CODE_SIGN_STYLE = Automatic;
				PRODUCT_NAME = "$(TARGET_NAME)";
				SWIFT_VERSION = 5.0;
			};
			name = Debug;
		};
		0EB9D18B28F660BB00C7C557 /* Release */ = {
			isa = XCBuildConfiguration;
			buildSettings = {
				CODE_SIGN_STYLE = Automatic;
				PRODUCT_NAME = "$(TARGET_NAME)";
				SWIFT_VERSION = 5.0;
			};
			name = Release;
		};
		0EB9D19528F6615100C7C557 /* Debug */ = {
			isa = XCBuildConfiguration;
			buildSettings = {
				CODE_SIGN_STYLE = Automatic;
				PRODUCT_NAME = "$(TARGET_NAME)";
				SWIFT_VERSION = 5.0;
			};
			name = Debug;
		};
		0EB9D19628F6615100C7C557 /* Release */ = {
			isa = XCBuildConfiguration;
			buildSettings = {
				CODE_SIGN_STYLE = Automatic;
				PRODUCT_NAME = "$(TARGET_NAME)";
				SWIFT_VERSION = 5.0;
			};
			name = Release;
		};
		0EB9D1A028F666E000C7C557 /* Debug */ = {
			isa = XCBuildConfiguration;
			buildSettings = {
				CODE_SIGN_STYLE = Automatic;
				PRODUCT_NAME = "$(TARGET_NAME)";
				SWIFT_VERSION = 5.0;
			};
			name = Debug;
		};
		0EB9D1A128F666E000C7C557 /* Release */ = {
			isa = XCBuildConfiguration;
			buildSettings = {
				CODE_SIGN_STYLE = Automatic;
				PRODUCT_NAME = "$(TARGET_NAME)";
				SWIFT_VERSION = 5.0;
			};
			name = Release;
		};
		0EB9D1AB28F6687900C7C557 /* Debug */ = {
			isa = XCBuildConfiguration;
			buildSettings = {
				CODE_SIGN_STYLE = Automatic;
				PRODUCT_NAME = "$(TARGET_NAME)";
				SWIFT_VERSION = 5.0;
			};
			name = Debug;
		};
		0EB9D1AC28F6687900C7C557 /* Release */ = {
			isa = XCBuildConfiguration;
			buildSettings = {
				CODE_SIGN_STYLE = Automatic;
				PRODUCT_NAME = "$(TARGET_NAME)";
				SWIFT_VERSION = 5.0;
			};
			name = Release;
		};
/* End XCBuildConfiguration section */

/* Begin XCConfigurationList section */
		0EB9D17D28F660BB00C7C557 /* Build configuration list for PBXProject "SwiftAlgorithm" */ = {
			isa = XCConfigurationList;
			buildConfigurations = (
				0EB9D18728F660BB00C7C557 /* Debug */,
				0EB9D18828F660BB00C7C557 /* Release */,
			);
			defaultConfigurationIsVisible = 0;
			defaultConfigurationName = Release;
		};
		0EB9D18928F660BB00C7C557 /* Build configuration list for PBXNativeTarget "SwiftAlgorithm" */ = {
			isa = XCConfigurationList;
			buildConfigurations = (
				0EB9D18A28F660BB00C7C557 /* Debug */,
				0EB9D18B28F660BB00C7C557 /* Release */,
			);
			defaultConfigurationIsVisible = 0;
			defaultConfigurationName = Release;
		};
		0EB9D19428F6615100C7C557 /* Build configuration list for PBXNativeTarget "aPlusb" */ = {
			isa = XCConfigurationList;
			buildConfigurations = (
				0EB9D19528F6615100C7C557 /* Debug */,
				0EB9D19628F6615100C7C557 /* Release */,
			);
			defaultConfigurationIsVisible = 0;
			defaultConfigurationName = Release;
		};
		0EB9D19F28F666E000C7C557 /* Build configuration list for PBXNativeTarget "aMinusb" */ = {
			isa = XCConfigurationList;
			buildConfigurations = (
				0EB9D1A028F666E000C7C557 /* Debug */,
				0EB9D1A128F666E000C7C557 /* Release */,
			);
			defaultConfigurationIsVisible = 0;
			defaultConfigurationName = Release;
		};
		0EB9D1AA28F6687900C7C557 /* Build configuration list for PBXNativeTarget "wordCount" */ = {
			isa = XCConfigurationList;
			buildConfigurations = (
				0EB9D1AB28F6687900C7C557 /* Debug */,
				0EB9D1AC28F6687900C7C557 /* Release */,
			);
			defaultConfigurationIsVisible = 0;
			defaultConfigurationName = Release;
		};
/* End XCConfigurationList section */
	};
	rootObject = 0EB9D17A28F660BB00C7C557 /* Project object */;
}
