// !$*UTF8*$!
{
	archiveVersion = 1;
	classes = {
	};
	objectVersion = 56;
	objects = {

/* Begin PBXBuildFile section */
		0E03B56629CD42FF00698C42 /* main.swift in Sources */ = {isa = PBXBuildFile; fileRef = 0E03B56529CD42FF00698C42 /* main.swift */; };
		0E125C8429951BEF0019EF0B /* main.swift in Sources */ = {isa = PBXBuildFile; fileRef = 0E125C8329951BEF0019EF0B /* main.swift */; };
		0E2908EE29D138AF0043260F /* main.swift in Sources */ = {isa = PBXBuildFile; fileRef = 0E2908ED29D138AF0043260F /* main.swift */; };
		0E2908F929D141590043260F /* main.swift in Sources */ = {isa = PBXBuildFile; fileRef = 0E2908F829D141590043260F /* main.swift */; };
		0E29090429D144110043260F /* main.swift in Sources */ = {isa = PBXBuildFile; fileRef = 0E29090329D144110043260F /* main.swift */; };
		0E2E962F29D25CAD0034B6A3 /* main.swift in Sources */ = {isa = PBXBuildFile; fileRef = 0E2E962E29D25CAD0034B6A3 /* main.swift */; };
		0E2E963B29D26DDF0034B6A3 /* main.swift in Sources */ = {isa = PBXBuildFile; fileRef = 0E2E963A29D26DDF0034B6A3 /* main.swift */; };
		0E2E965129D272840034B6A3 /* main.swift in Sources */ = {isa = PBXBuildFile; fileRef = 0E2E965029D272840034B6A3 /* main.swift */; };
		0E2E965C29D274570034B6A3 /* main.swift in Sources */ = {isa = PBXBuildFile; fileRef = 0E2E965B29D274570034B6A3 /* main.swift */; };
		0E2E966729D277870034B6A3 /* main.swift in Sources */ = {isa = PBXBuildFile; fileRef = 0E2E966629D277870034B6A3 /* main.swift */; };
		0E2E967229D279690034B6A3 /* main.swift in Sources */ = {isa = PBXBuildFile; fileRef = 0E2E967129D279690034B6A3 /* main.swift */; };
		0E7752C92961377600E9E872 /* main.swift in Sources */ = {isa = PBXBuildFile; fileRef = 0E7752C82961377600E9E872 /* main.swift */; };
		0E901F1F29D3AC5D007B8006 /* main.swift in Sources */ = {isa = PBXBuildFile; fileRef = 0E901F1E29D3AC5D007B8006 /* main.swift */; };
		0E901F2A29D3B04F007B8006 /* main.swift in Sources */ = {isa = PBXBuildFile; fileRef = 0E901F2929D3B04F007B8006 /* main.swift */; };
		0E97DA7A28F7F50500C6E32D /* main.swift in Sources */ = {isa = PBXBuildFile; fileRef = 0E97DA7928F7F50500C6E32D /* main.swift */; };
		0E99B7F228F95E5A0016003A /* main.swift in Sources */ = {isa = PBXBuildFile; fileRef = 0E99B7F128F95E5A0016003A /* main.swift */; };
		0EA0A58B2993AC5C00652588 /* main.swift in Sources */ = {isa = PBXBuildFile; fileRef = 0EA0A58A2993AC5C00652588 /* main.swift */; };
		0EA56B1D2932580000967A99 /* main.swift in Sources */ = {isa = PBXBuildFile; fileRef = 0EA56B1C2932580000967A99 /* main.swift */; };
		0EA56B312932675B00967A99 /* main.swift in Sources */ = {isa = PBXBuildFile; fileRef = 0EA56B302932675B00967A99 /* main.swift */; };
		0EA56B3C29331B4C00967A99 /* main.swift in Sources */ = {isa = PBXBuildFile; fileRef = 0EA56B3B29331B4C00967A99 /* main.swift */; };
		0EB9D18628F660BB00C7C557 /* main.swift in Sources */ = {isa = PBXBuildFile; fileRef = 0EB9D18528F660BB00C7C557 /* main.swift */; };
		0EB9D19328F6615100C7C557 /* main.swift in Sources */ = {isa = PBXBuildFile; fileRef = 0EB9D19228F6615100C7C557 /* main.swift */; };
		0EB9D19E28F666E000C7C557 /* main.swift in Sources */ = {isa = PBXBuildFile; fileRef = 0EB9D19D28F666E000C7C557 /* main.swift */; };
		0EB9D1A928F6687900C7C557 /* main.swift in Sources */ = {isa = PBXBuildFile; fileRef = 0EB9D1A828F6687900C7C557 /* main.swift */; };
		0EE42A8029D42F8800C04A38 /* main.swift in Sources */ = {isa = PBXBuildFile; fileRef = 0EE42A7F29D42F8800C04A38 /* main.swift */; };
		0EE42A8B29D4389D00C04A38 /* main.swift in Sources */ = {isa = PBXBuildFile; fileRef = 0EE42A8A29D4389D00C04A38 /* main.swift */; };
/* End PBXBuildFile section */

/* Begin PBXCopyFilesBuildPhase section */
		0E03B56129CD42FF00698C42 /* CopyFiles */ = {
			isa = PBXCopyFilesBuildPhase;
			buildActionMask = 2147483647;
			dstPath = /usr/share/man/man1/;
			dstSubfolderSpec = 0;
			files = (
			);
			runOnlyForDeploymentPostprocessing = 1;
		};
		0E125C7F29951BEF0019EF0B /* CopyFiles */ = {
			isa = PBXCopyFilesBuildPhase;
			buildActionMask = 2147483647;
			dstPath = /usr/share/man/man1/;
			dstSubfolderSpec = 0;
			files = (
			);
			runOnlyForDeploymentPostprocessing = 1;
		};
		0E2908E929D138AF0043260F /* CopyFiles */ = {
			isa = PBXCopyFilesBuildPhase;
			buildActionMask = 2147483647;
			dstPath = /usr/share/man/man1/;
			dstSubfolderSpec = 0;
			files = (
			);
			runOnlyForDeploymentPostprocessing = 1;
		};
		0E2908F429D141590043260F /* CopyFiles */ = {
			isa = PBXCopyFilesBuildPhase;
			buildActionMask = 2147483647;
			dstPath = /usr/share/man/man1/;
			dstSubfolderSpec = 0;
			files = (
			);
			runOnlyForDeploymentPostprocessing = 1;
		};
		0E2908FF29D144100043260F /* CopyFiles */ = {
			isa = PBXCopyFilesBuildPhase;
			buildActionMask = 2147483647;
			dstPath = /usr/share/man/man1/;
			dstSubfolderSpec = 0;
			files = (
			);
			runOnlyForDeploymentPostprocessing = 1;
		};
		0E2E962A29D25CAD0034B6A3 /* CopyFiles */ = {
			isa = PBXCopyFilesBuildPhase;
			buildActionMask = 2147483647;
			dstPath = /usr/share/man/man1/;
			dstSubfolderSpec = 0;
			files = (
			);
			runOnlyForDeploymentPostprocessing = 1;
		};
		0E2E963629D26DDF0034B6A3 /* CopyFiles */ = {
			isa = PBXCopyFilesBuildPhase;
			buildActionMask = 2147483647;
			dstPath = /usr/share/man/man1/;
			dstSubfolderSpec = 0;
			files = (
			);
			runOnlyForDeploymentPostprocessing = 1;
		};
		0E2E964C29D272840034B6A3 /* CopyFiles */ = {
			isa = PBXCopyFilesBuildPhase;
			buildActionMask = 2147483647;
			dstPath = /usr/share/man/man1/;
			dstSubfolderSpec = 0;
			files = (
			);
			runOnlyForDeploymentPostprocessing = 1;
		};
		0E2E965729D274570034B6A3 /* CopyFiles */ = {
			isa = PBXCopyFilesBuildPhase;
			buildActionMask = 2147483647;
			dstPath = /usr/share/man/man1/;
			dstSubfolderSpec = 0;
			files = (
			);
			runOnlyForDeploymentPostprocessing = 1;
		};
		0E2E966229D277860034B6A3 /* CopyFiles */ = {
			isa = PBXCopyFilesBuildPhase;
			buildActionMask = 2147483647;
			dstPath = /usr/share/man/man1/;
			dstSubfolderSpec = 0;
			files = (
			);
			runOnlyForDeploymentPostprocessing = 1;
		};
		0E2E966D29D279690034B6A3 /* CopyFiles */ = {
			isa = PBXCopyFilesBuildPhase;
			buildActionMask = 2147483647;
			dstPath = /usr/share/man/man1/;
			dstSubfolderSpec = 0;
			files = (
			);
			runOnlyForDeploymentPostprocessing = 1;
		};
		0E7752C42961377600E9E872 /* CopyFiles */ = {
			isa = PBXCopyFilesBuildPhase;
			buildActionMask = 2147483647;
			dstPath = /usr/share/man/man1/;
			dstSubfolderSpec = 0;
			files = (
			);
			runOnlyForDeploymentPostprocessing = 1;
		};
		0E901F1A29D3AC5D007B8006 /* CopyFiles */ = {
			isa = PBXCopyFilesBuildPhase;
			buildActionMask = 2147483647;
			dstPath = /usr/share/man/man1/;
			dstSubfolderSpec = 0;
			files = (
			);
			runOnlyForDeploymentPostprocessing = 1;
		};
		0E901F2529D3B04F007B8006 /* CopyFiles */ = {
			isa = PBXCopyFilesBuildPhase;
			buildActionMask = 2147483647;
			dstPath = /usr/share/man/man1/;
			dstSubfolderSpec = 0;
			files = (
			);
			runOnlyForDeploymentPostprocessing = 1;
		};
		0E97DA7528F7F50500C6E32D /* CopyFiles */ = {
			isa = PBXCopyFilesBuildPhase;
			buildActionMask = 2147483647;
			dstPath = /usr/share/man/man1/;
			dstSubfolderSpec = 0;
			files = (
			);
			runOnlyForDeploymentPostprocessing = 1;
		};
		0E97DA8028F7F6DC00C6E32D /* CopyFiles */ = {
			isa = PBXCopyFilesBuildPhase;
			buildActionMask = 2147483647;
			dstPath = /usr/share/man/man1/;
			dstSubfolderSpec = 0;
			files = (
			);
			runOnlyForDeploymentPostprocessing = 1;
		};
		0E99B7ED28F95E590016003A /* CopyFiles */ = {
			isa = PBXCopyFilesBuildPhase;
			buildActionMask = 2147483647;
			dstPath = /usr/share/man/man1/;
			dstSubfolderSpec = 0;
			files = (
			);
			runOnlyForDeploymentPostprocessing = 1;
		};
		0EA0A5862993AC5C00652588 /* CopyFiles */ = {
			isa = PBXCopyFilesBuildPhase;
			buildActionMask = 2147483647;
			dstPath = /usr/share/man/man1/;
			dstSubfolderSpec = 0;
			files = (
			);
			runOnlyForDeploymentPostprocessing = 1;
		};
		0EA56B182932580000967A99 /* CopyFiles */ = {
			isa = PBXCopyFilesBuildPhase;
			buildActionMask = 2147483647;
			dstPath = /usr/share/man/man1/;
			dstSubfolderSpec = 0;
			files = (
			);
			runOnlyForDeploymentPostprocessing = 1;
		};
		0EA56B2C2932675B00967A99 /* CopyFiles */ = {
			isa = PBXCopyFilesBuildPhase;
			buildActionMask = 2147483647;
			dstPath = /usr/share/man/man1/;
			dstSubfolderSpec = 0;
			files = (
			);
			runOnlyForDeploymentPostprocessing = 1;
		};
		0EA56B3729331B4C00967A99 /* CopyFiles */ = {
			isa = PBXCopyFilesBuildPhase;
			buildActionMask = 2147483647;
			dstPath = /usr/share/man/man1/;
			dstSubfolderSpec = 0;
			files = (
			);
			runOnlyForDeploymentPostprocessing = 1;
		};
		0EB9D18028F660BB00C7C557 /* CopyFiles */ = {
			isa = PBXCopyFilesBuildPhase;
			buildActionMask = 2147483647;
			dstPath = /usr/share/man/man1/;
			dstSubfolderSpec = 0;
			files = (
			);
			runOnlyForDeploymentPostprocessing = 1;
		};
		0EB9D18E28F6615100C7C557 /* CopyFiles */ = {
			isa = PBXCopyFilesBuildPhase;
			buildActionMask = 2147483647;
			dstPath = /usr/share/man/man1/;
			dstSubfolderSpec = 0;
			files = (
			);
			runOnlyForDeploymentPostprocessing = 1;
		};
		0EB9D19928F666DF00C7C557 /* CopyFiles */ = {
			isa = PBXCopyFilesBuildPhase;
			buildActionMask = 2147483647;
			dstPath = /usr/share/man/man1/;
			dstSubfolderSpec = 0;
			files = (
			);
			runOnlyForDeploymentPostprocessing = 1;
		};
		0EB9D1A428F6687900C7C557 /* CopyFiles */ = {
			isa = PBXCopyFilesBuildPhase;
			buildActionMask = 2147483647;
			dstPath = /usr/share/man/man1/;
			dstSubfolderSpec = 0;
			files = (
			);
			runOnlyForDeploymentPostprocessing = 1;
		};
		0EE42A7B29D42F8800C04A38 /* CopyFiles */ = {
			isa = PBXCopyFilesBuildPhase;
			buildActionMask = 2147483647;
			dstPath = /usr/share/man/man1/;
			dstSubfolderSpec = 0;
			files = (
			);
			runOnlyForDeploymentPostprocessing = 1;
		};
		0EE42A8629D4389D00C04A38 /* CopyFiles */ = {
			isa = PBXCopyFilesBuildPhase;
			buildActionMask = 2147483647;
			dstPath = /usr/share/man/man1/;
			dstSubfolderSpec = 0;
			files = (
			);
			runOnlyForDeploymentPostprocessing = 1;
		};
/* End PBXCopyFilesBuildPhase section */

/* Begin PBXFileReference section */
		0E03B56329CD42FF00698C42 /* MaxMin */ = {isa = PBXFileReference; explicitFileType = "compiled.mach-o.executable"; includeInIndex = 0; path = MaxMin; sourceTree = BUILT_PRODUCTS_DIR; };
		0E03B56529CD42FF00698C42 /* main.swift */ = {isa = PBXFileReference; lastKnownFileType = sourcecode.swift; path = main.swift; sourceTree = "<group>"; };
		0E125C8129951BEF0019EF0B /* aPlusBMinusThree */ = {isa = PBXFileReference; explicitFileType = "compiled.mach-o.executable"; includeInIndex = 0; path = aPlusBMinusThree; sourceTree = BUILT_PRODUCTS_DIR; };
		0E125C8329951BEF0019EF0B /* main.swift */ = {isa = PBXFileReference; lastKnownFileType = sourcecode.swift; path = main.swift; sourceTree = "<group>"; };
		0E2908EB29D138AF0043260F /* ADivideB */ = {isa = PBXFileReference; explicitFileType = "compiled.mach-o.executable"; includeInIndex = 0; path = ADivideB; sourceTree = BUILT_PRODUCTS_DIR; };
		0E2908ED29D138AF0043260F /* main.swift */ = {isa = PBXFileReference; lastKnownFileType = sourcecode.swift; path = main.swift; sourceTree = "<group>"; };
		0E2908F629D141590043260F /* LittleJeongmin */ = {isa = PBXFileReference; explicitFileType = "compiled.mach-o.executable"; includeInIndex = 0; path = LittleJeongmin; sourceTree = BUILT_PRODUCTS_DIR; };
		0E2908F829D141590043260F /* main.swift */ = {isa = PBXFileReference; lastKnownFileType = sourcecode.swift; path = main.swift; sourceTree = "<group>"; };
		0E29090129D144100043260F /* TakeAStar1 */ = {isa = PBXFileReference; explicitFileType = "compiled.mach-o.executable"; includeInIndex = 0; path = TakeAStar1; sourceTree = BUILT_PRODUCTS_DIR; };
		0E29090329D144110043260F /* main.swift */ = {isa = PBXFileReference; lastKnownFileType = sourcecode.swift; path = main.swift; sourceTree = "<group>"; };
		0E2E962C29D25CAD0034B6A3 /* TodayDate */ = {isa = PBXFileReference; explicitFileType = "compiled.mach-o.executable"; includeInIndex = 0; path = TodayDate; sourceTree = BUILT_PRODUCTS_DIR; };
		0E2E962E29D25CAD0034B6A3 /* main.swift */ = {isa = PBXFileReference; lastKnownFileType = sourcecode.swift; path = main.swift; sourceTree = "<group>"; };
		0E2E963829D26DDF0034B6A3 /* Sprout */ = {isa = PBXFileReference; explicitFileType = "compiled.mach-o.executable"; includeInIndex = 0; path = Sprout; sourceTree = BUILT_PRODUCTS_DIR; };
		0E2E963A29D26DDF0034B6A3 /* main.swift */ = {isa = PBXFileReference; lastKnownFileType = sourcecode.swift; path = main.swift; sourceTree = "<group>"; };
		0E2E964E29D272840034B6A3 /* Registration */ = {isa = PBXFileReference; explicitFileType = "compiled.mach-o.executable"; includeInIndex = 0; path = Registration; sourceTree = BUILT_PRODUCTS_DIR; };
		0E2E965029D272840034B6A3 /* main.swift */ = {isa = PBXFileReference; lastKnownFileType = sourcecode.swift; path = main.swift; sourceTree = "<group>"; };
		0E2E965929D274570034B6A3 /* SafariWorld */ = {isa = PBXFileReference; explicitFileType = "compiled.mach-o.executable"; includeInIndex = 0; path = SafariWorld; sourceTree = BUILT_PRODUCTS_DIR; };
		0E2E965B29D274570034B6A3 /* main.swift */ = {isa = PBXFileReference; lastKnownFileType = sourcecode.swift; path = main.swift; sourceTree = "<group>"; };
		0E2E966429D277860034B6A3 /* NChopping */ = {isa = PBXFileReference; explicitFileType = "compiled.mach-o.executable"; includeInIndex = 0; path = NChopping; sourceTree = BUILT_PRODUCTS_DIR; };
		0E2E966629D277870034B6A3 /* main.swift */ = {isa = PBXFileReference; lastKnownFileType = sourcecode.swift; path = main.swift; sourceTree = "<group>"; };
		0E2E966F29D279690034B6A3 /* Factorial */ = {isa = PBXFileReference; explicitFileType = "compiled.mach-o.executable"; includeInIndex = 0; path = Factorial; sourceTree = BUILT_PRODUCTS_DIR; };
		0E2E967129D279690034B6A3 /* main.swift */ = {isa = PBXFileReference; lastKnownFileType = sourcecode.swift; path = main.swift; sourceTree = "<group>"; };
		0E7752C62961377600E9E872 /* PickAQuadrant */ = {isa = PBXFileReference; explicitFileType = "compiled.mach-o.executable"; includeInIndex = 0; path = PickAQuadrant; sourceTree = BUILT_PRODUCTS_DIR; };
		0E7752C82961377600E9E872 /* main.swift */ = {isa = PBXFileReference; lastKnownFileType = sourcecode.swift; path = main.swift; sourceTree = "<group>"; };
		0E901F1C29D3AC5D007B8006 /* TakeAStar2 */ = {isa = PBXFileReference; explicitFileType = "compiled.mach-o.executable"; includeInIndex = 0; path = TakeAStar2; sourceTree = BUILT_PRODUCTS_DIR; };
		0E901F1E29D3AC5D007B8006 /* main.swift */ = {isa = PBXFileReference; lastKnownFileType = sourcecode.swift; path = main.swift; sourceTree = "<group>"; };
		0E901F2729D3B04F007B8006 /* OutputAsIs */ = {isa = PBXFileReference; explicitFileType = "compiled.mach-o.executable"; includeInIndex = 0; path = OutputAsIs; sourceTree = BUILT_PRODUCTS_DIR; };
		0E901F2929D3B04F007B8006 /* main.swift */ = {isa = PBXFileReference; lastKnownFileType = sourcecode.swift; path = main.swift; sourceTree = "<group>"; };
		0E97DA7728F7F50500C6E32D /* gugudan */ = {isa = PBXFileReference; explicitFileType = "compiled.mach-o.executable"; includeInIndex = 0; path = gugudan; sourceTree = BUILT_PRODUCTS_DIR; };
		0E97DA7928F7F50500C6E32D /* main.swift */ = {isa = PBXFileReference; lastKnownFileType = sourcecode.swift; path = main.swift; sourceTree = "<group>"; };
		0E97DA8228F7F6DC00C6E32D /* wordStduy */ = {isa = PBXFileReference; explicitFileType = "compiled.mach-o.executable"; includeInIndex = 0; path = wordStduy; sourceTree = BUILT_PRODUCTS_DIR; };
		0E99B7EF28F95E590016003A /* receipt */ = {isa = PBXFileReference; explicitFileType = "compiled.mach-o.executable"; includeInIndex = 0; path = receipt; sourceTree = BUILT_PRODUCTS_DIR; };
		0E99B7F128F95E5A0016003A /* main.swift */ = {isa = PBXFileReference; lastKnownFileType = sourcecode.swift; path = main.swift; sourceTree = "<group>"; };
		0EA0A5882993AC5C00652588 /* CompareTwoNumbers */ = {isa = PBXFileReference; explicitFileType = "compiled.mach-o.executable"; includeInIndex = 0; path = CompareTwoNumbers; sourceTree = BUILT_PRODUCTS_DIR; };
		0EA0A58A2993AC5C00652588 /* main.swift */ = {isa = PBXFileReference; lastKnownFileType = sourcecode.swift; path = main.swift; sourceTree = "<group>"; };
		0EA56B1A2932580000967A99 /* selectionSort */ = {isa = PBXFileReference; explicitFileType = "compiled.mach-o.executable"; includeInIndex = 0; path = selectionSort; sourceTree = BUILT_PRODUCTS_DIR; };
		0EA56B1C2932580000967A99 /* main.swift */ = {isa = PBXFileReference; lastKnownFileType = sourcecode.swift; path = main.swift; sourceTree = "<group>"; };
		0EA56B2E2932675B00967A99 /* insertionSort */ = {isa = PBXFileReference; explicitFileType = "compiled.mach-o.executable"; includeInIndex = 0; path = insertionSort; sourceTree = BUILT_PRODUCTS_DIR; };
		0EA56B302932675B00967A99 /* main.swift */ = {isa = PBXFileReference; lastKnownFileType = sourcecode.swift; path = main.swift; sourceTree = "<group>"; };
		0EA56B3929331B4C00967A99 /* BubbleSort */ = {isa = PBXFileReference; explicitFileType = "compiled.mach-o.executable"; includeInIndex = 0; path = BubbleSort; sourceTree = BUILT_PRODUCTS_DIR; };
		0EA56B3B29331B4C00967A99 /* main.swift */ = {isa = PBXFileReference; lastKnownFileType = sourcecode.swift; path = main.swift; sourceTree = "<group>"; };
		0EB9D18228F660BB00C7C557 /* SwiftAlgorithm */ = {isa = PBXFileReference; explicitFileType = "compiled.mach-o.executable"; includeInIndex = 0; path = SwiftAlgorithm; sourceTree = BUILT_PRODUCTS_DIR; };
		0EB9D18528F660BB00C7C557 /* main.swift */ = {isa = PBXFileReference; lastKnownFileType = sourcecode.swift; path = main.swift; sourceTree = "<group>"; };
		0EB9D19028F6615100C7C557 /* aPlusb */ = {isa = PBXFileReference; explicitFileType = "compiled.mach-o.executable"; includeInIndex = 0; path = aPlusb; sourceTree = BUILT_PRODUCTS_DIR; };
		0EB9D19228F6615100C7C557 /* main.swift */ = {isa = PBXFileReference; lastKnownFileType = sourcecode.swift; path = main.swift; sourceTree = "<group>"; };
		0EB9D19B28F666DF00C7C557 /* aMinusb */ = {isa = PBXFileReference; explicitFileType = "compiled.mach-o.executable"; includeInIndex = 0; path = aMinusb; sourceTree = BUILT_PRODUCTS_DIR; };
		0EB9D19D28F666E000C7C557 /* main.swift */ = {isa = PBXFileReference; lastKnownFileType = sourcecode.swift; path = main.swift; sourceTree = "<group>"; };
		0EB9D1A628F6687900C7C557 /* wordCount */ = {isa = PBXFileReference; explicitFileType = "compiled.mach-o.executable"; includeInIndex = 0; path = wordCount; sourceTree = BUILT_PRODUCTS_DIR; };
		0EB9D1A828F6687900C7C557 /* main.swift */ = {isa = PBXFileReference; lastKnownFileType = sourcecode.swift; path = main.swift; sourceTree = "<group>"; };
		0EE42A7D29D42F8800C04A38 /* SummingUpNumbers */ = {isa = PBXFileReference; explicitFileType = "compiled.mach-o.executable"; includeInIndex = 0; path = SummingUpNumbers; sourceTree = BUILT_PRODUCTS_DIR; };
		0EE42A7F29D42F8800C04A38 /* main.swift */ = {isa = PBXFileReference; lastKnownFileType = sourcecode.swift; path = main.swift; sourceTree = "<group>"; };
		0EE42A8829D4389D00C04A38 /* Average */ = {isa = PBXFileReference; explicitFileType = "compiled.mach-o.executable"; includeInIndex = 0; path = Average; sourceTree = BUILT_PRODUCTS_DIR; };
		0EE42A8A29D4389D00C04A38 /* main.swift */ = {isa = PBXFileReference; lastKnownFileType = sourcecode.swift; path = main.swift; sourceTree = "<group>"; };
/* End PBXFileReference section */

/* Begin PBXFrameworksBuildPhase section */
		0E03B56029CD42FF00698C42 /* Frameworks */ = {
			isa = PBXFrameworksBuildPhase;
			buildActionMask = 2147483647;
			files = (
			);
			runOnlyForDeploymentPostprocessing = 0;
		};
		0E125C7E29951BEF0019EF0B /* Frameworks */ = {
			isa = PBXFrameworksBuildPhase;
			buildActionMask = 2147483647;
			files = (
			);
			runOnlyForDeploymentPostprocessing = 0;
		};
		0E2908E829D138AF0043260F /* Frameworks */ = {
			isa = PBXFrameworksBuildPhase;
			buildActionMask = 2147483647;
			files = (
			);
			runOnlyForDeploymentPostprocessing = 0;
		};
		0E2908F329D141590043260F /* Frameworks */ = {
			isa = PBXFrameworksBuildPhase;
			buildActionMask = 2147483647;
			files = (
			);
			runOnlyForDeploymentPostprocessing = 0;
		};
		0E2908FE29D144100043260F /* Frameworks */ = {
			isa = PBXFrameworksBuildPhase;
			buildActionMask = 2147483647;
			files = (
			);
			runOnlyForDeploymentPostprocessing = 0;
		};
		0E2E962929D25CAD0034B6A3 /* Frameworks */ = {
			isa = PBXFrameworksBuildPhase;
			buildActionMask = 2147483647;
			files = (
			);
			runOnlyForDeploymentPostprocessing = 0;
		};
		0E2E963529D26DDF0034B6A3 /* Frameworks */ = {
			isa = PBXFrameworksBuildPhase;
			buildActionMask = 2147483647;
			files = (
			);
			runOnlyForDeploymentPostprocessing = 0;
		};
		0E2E964B29D272840034B6A3 /* Frameworks */ = {
			isa = PBXFrameworksBuildPhase;
			buildActionMask = 2147483647;
			files = (
			);
			runOnlyForDeploymentPostprocessing = 0;
		};
		0E2E965629D274570034B6A3 /* Frameworks */ = {
			isa = PBXFrameworksBuildPhase;
			buildActionMask = 2147483647;
			files = (
			);
			runOnlyForDeploymentPostprocessing = 0;
		};
		0E2E966129D277860034B6A3 /* Frameworks */ = {
			isa = PBXFrameworksBuildPhase;
			buildActionMask = 2147483647;
			files = (
			);
			runOnlyForDeploymentPostprocessing = 0;
		};
		0E2E966C29D279690034B6A3 /* Frameworks */ = {
			isa = PBXFrameworksBuildPhase;
			buildActionMask = 2147483647;
			files = (
			);
			runOnlyForDeploymentPostprocessing = 0;
		};
		0E7752C32961377600E9E872 /* Frameworks */ = {
			isa = PBXFrameworksBuildPhase;
			buildActionMask = 2147483647;
			files = (
			);
			runOnlyForDeploymentPostprocessing = 0;
		};
		0E901F1929D3AC5D007B8006 /* Frameworks */ = {
			isa = PBXFrameworksBuildPhase;
			buildActionMask = 2147483647;
			files = (
			);
			runOnlyForDeploymentPostprocessing = 0;
		};
		0E901F2429D3B04F007B8006 /* Frameworks */ = {
			isa = PBXFrameworksBuildPhase;
			buildActionMask = 2147483647;
			files = (
			);
			runOnlyForDeploymentPostprocessing = 0;
		};
		0E97DA7428F7F50500C6E32D /* Frameworks */ = {
			isa = PBXFrameworksBuildPhase;
			buildActionMask = 2147483647;
			files = (
			);
			runOnlyForDeploymentPostprocessing = 0;
		};
		0E97DA7F28F7F6DC00C6E32D /* Frameworks */ = {
			isa = PBXFrameworksBuildPhase;
			buildActionMask = 2147483647;
			files = (
			);
			runOnlyForDeploymentPostprocessing = 0;
		};
		0E99B7EC28F95E590016003A /* Frameworks */ = {
			isa = PBXFrameworksBuildPhase;
			buildActionMask = 2147483647;
			files = (
			);
			runOnlyForDeploymentPostprocessing = 0;
		};
		0EA0A5852993AC5C00652588 /* Frameworks */ = {
			isa = PBXFrameworksBuildPhase;
			buildActionMask = 2147483647;
			files = (
			);
			runOnlyForDeploymentPostprocessing = 0;
		};
		0EA56B172932580000967A99 /* Frameworks */ = {
			isa = PBXFrameworksBuildPhase;
			buildActionMask = 2147483647;
			files = (
			);
			runOnlyForDeploymentPostprocessing = 0;
		};
		0EA56B2B2932675B00967A99 /* Frameworks */ = {
			isa = PBXFrameworksBuildPhase;
			buildActionMask = 2147483647;
			files = (
			);
			runOnlyForDeploymentPostprocessing = 0;
		};
		0EA56B3629331B4C00967A99 /* Frameworks */ = {
			isa = PBXFrameworksBuildPhase;
			buildActionMask = 2147483647;
			files = (
			);
			runOnlyForDeploymentPostprocessing = 0;
		};
		0EB9D17F28F660BB00C7C557 /* Frameworks */ = {
			isa = PBXFrameworksBuildPhase;
			buildActionMask = 2147483647;
			files = (
			);
			runOnlyForDeploymentPostprocessing = 0;
		};
		0EB9D18D28F6615100C7C557 /* Frameworks */ = {
			isa = PBXFrameworksBuildPhase;
			buildActionMask = 2147483647;
			files = (
			);
			runOnlyForDeploymentPostprocessing = 0;
		};
		0EB9D19828F666DF00C7C557 /* Frameworks */ = {
			isa = PBXFrameworksBuildPhase;
			buildActionMask = 2147483647;
			files = (
			);
			runOnlyForDeploymentPostprocessing = 0;
		};
		0EB9D1A328F6687900C7C557 /* Frameworks */ = {
			isa = PBXFrameworksBuildPhase;
			buildActionMask = 2147483647;
			files = (
			);
			runOnlyForDeploymentPostprocessing = 0;
		};
		0EE42A7A29D42F8800C04A38 /* Frameworks */ = {
			isa = PBXFrameworksBuildPhase;
			buildActionMask = 2147483647;
			files = (
			);
			runOnlyForDeploymentPostprocessing = 0;
		};
		0EE42A8529D4389D00C04A38 /* Frameworks */ = {
			isa = PBXFrameworksBuildPhase;
			buildActionMask = 2147483647;
			files = (
			);
			runOnlyForDeploymentPostprocessing = 0;
		};
/* End PBXFrameworksBuildPhase section */

/* Begin PBXGroup section */
		0E03B56429CD42FF00698C42 /* MaxMin */ = {
			isa = PBXGroup;
			children = (
				0E03B56529CD42FF00698C42 /* main.swift */,
			);
			path = MaxMin;
			sourceTree = "<group>";
		};
		0E125C8229951BEF0019EF0B /* aPlusBMinusThree */ = {
			isa = PBXGroup;
			children = (
				0E125C8329951BEF0019EF0B /* main.swift */,
			);
			path = aPlusBMinusThree;
			sourceTree = "<group>";
		};
		0E2908EC29D138AF0043260F /* ADivideB */ = {
			isa = PBXGroup;
			children = (
				0E2908ED29D138AF0043260F /* main.swift */,
			);
			path = ADivideB;
			sourceTree = "<group>";
		};
		0E2908F729D141590043260F /* LittleJeongmin */ = {
			isa = PBXGroup;
			children = (
				0E2908F829D141590043260F /* main.swift */,
			);
			path = LittleJeongmin;
			sourceTree = "<group>";
		};
		0E29090229D144110043260F /* TakeAStar1 */ = {
			isa = PBXGroup;
			children = (
				0E29090329D144110043260F /* main.swift */,
			);
			path = TakeAStar1;
			sourceTree = "<group>";
		};
		0E2E962D29D25CAD0034B6A3 /* TodayDate */ = {
			isa = PBXGroup;
			children = (
				0E2E962E29D25CAD0034B6A3 /* main.swift */,
			);
			path = TodayDate;
			sourceTree = "<group>";
		};
		0E2E963929D26DDF0034B6A3 /* Sprout */ = {
			isa = PBXGroup;
			children = (
				0E2E963A29D26DDF0034B6A3 /* main.swift */,
			);
			path = Sprout;
			sourceTree = "<group>";
		};
		0E2E964F29D272840034B6A3 /* Registration */ = {
			isa = PBXGroup;
			children = (
				0E2E965029D272840034B6A3 /* main.swift */,
			);
			path = Registration;
			sourceTree = "<group>";
		};
		0E2E965A29D274570034B6A3 /* SafariWorld */ = {
			isa = PBXGroup;
			children = (
				0E2E965B29D274570034B6A3 /* main.swift */,
			);
			path = SafariWorld;
			sourceTree = "<group>";
		};
		0E2E966529D277870034B6A3 /* NChopping */ = {
			isa = PBXGroup;
			children = (
				0E2E966629D277870034B6A3 /* main.swift */,
			);
			path = NChopping;
			sourceTree = "<group>";
		};
		0E2E967029D279690034B6A3 /* Factorial */ = {
			isa = PBXGroup;
			children = (
				0E2E967129D279690034B6A3 /* main.swift */,
			);
			path = Factorial;
			sourceTree = "<group>";
		};
		0E7752C72961377600E9E872 /* PickAQuadrant */ = {
			isa = PBXGroup;
			children = (
				0E7752C82961377600E9E872 /* main.swift */,
			);
			path = PickAQuadrant;
			sourceTree = "<group>";
		};
		0E901F1D29D3AC5D007B8006 /* TakeAStar2 */ = {
			isa = PBXGroup;
			children = (
				0E901F1E29D3AC5D007B8006 /* main.swift */,
			);
			path = TakeAStar2;
			sourceTree = "<group>";
		};
		0E901F2829D3B04F007B8006 /* OutputAsIs */ = {
			isa = PBXGroup;
			children = (
				0E901F2929D3B04F007B8006 /* main.swift */,
			);
			path = OutputAsIs;
			sourceTree = "<group>";
		};
		0E97DA7828F7F50500C6E32D /* gugudan */ = {
			isa = PBXGroup;
			children = (
				0E97DA7928F7F50500C6E32D /* main.swift */,
			);
			path = gugudan;
			sourceTree = "<group>";
		};
		0E99B7F028F95E5A0016003A /* receipt */ = {
			isa = PBXGroup;
			children = (
				0E99B7F128F95E5A0016003A /* main.swift */,
			);
			path = receipt;
			sourceTree = "<group>";
		};
		0EA0A5892993AC5C00652588 /* CompareTwoNumbers */ = {
			isa = PBXGroup;
			children = (
				0EA0A58A2993AC5C00652588 /* main.swift */,
			);
			path = CompareTwoNumbers;
			sourceTree = "<group>";
		};
		0EA56B1B2932580000967A99 /* selectionSort */ = {
			isa = PBXGroup;
			children = (
				0EA56B1C2932580000967A99 /* main.swift */,
			);
			path = selectionSort;
			sourceTree = "<group>";
		};
		0EA56B2F2932675B00967A99 /* insertionSort */ = {
			isa = PBXGroup;
			children = (
				0EA56B302932675B00967A99 /* main.swift */,
			);
			path = insertionSort;
			sourceTree = "<group>";
		};
		0EA56B3A29331B4C00967A99 /* BubbleSort */ = {
			isa = PBXGroup;
			children = (
				0EA56B3B29331B4C00967A99 /* main.swift */,
			);
			path = BubbleSort;
			sourceTree = "<group>";
		};
		0EB9D17928F660BB00C7C557 = {
			isa = PBXGroup;
			children = (
				0EB9D1A728F6687900C7C557 /* wordCount */,
				0EB9D18428F660BB00C7C557 /* stack */,
				0EB9D19128F6615100C7C557 /* aPlusb */,
				0EB9D19C28F666E000C7C557 /* aMinusb */,
				0E97DA7828F7F50500C6E32D /* gugudan */,
				0E99B7F028F95E5A0016003A /* receipt */,
				0EA56B1B2932580000967A99 /* selectionSort */,
				0EA56B2F2932675B00967A99 /* insertionSort */,
				0EA56B3A29331B4C00967A99 /* BubbleSort */,
				0E7752C72961377600E9E872 /* PickAQuadrant */,
				0EA0A5892993AC5C00652588 /* CompareTwoNumbers */,
				0E125C8229951BEF0019EF0B /* aPlusBMinusThree */,
				0E03B56429CD42FF00698C42 /* MaxMin */,
				0E2908EC29D138AF0043260F /* ADivideB */,
				0E2908F729D141590043260F /* LittleJeongmin */,
				0E29090229D144110043260F /* TakeAStar1 */,
				0E2E962D29D25CAD0034B6A3 /* TodayDate */,
				0E2E963929D26DDF0034B6A3 /* Sprout */,
				0E2E964F29D272840034B6A3 /* Registration */,
				0E2E965A29D274570034B6A3 /* SafariWorld */,
				0E2E966529D277870034B6A3 /* NChopping */,
				0E2E967029D279690034B6A3 /* Factorial */,
				0E901F1D29D3AC5D007B8006 /* TakeAStar2 */,
				0E901F2829D3B04F007B8006 /* OutputAsIs */,
				0EE42A7E29D42F8800C04A38 /* SummingUpNumbers */,
				0EE42A8929D4389D00C04A38 /* Average */,
				0EB9D18328F660BB00C7C557 /* Products */,
			);
			sourceTree = "<group>";
		};
		0EB9D18328F660BB00C7C557 /* Products */ = {
			isa = PBXGroup;
			children = (
				0EB9D18228F660BB00C7C557 /* SwiftAlgorithm */,
				0EB9D19028F6615100C7C557 /* aPlusb */,
				0EB9D19B28F666DF00C7C557 /* aMinusb */,
				0EB9D1A628F6687900C7C557 /* wordCount */,
				0E97DA7728F7F50500C6E32D /* gugudan */,
				0E97DA8228F7F6DC00C6E32D /* wordStduy */,
				0E99B7EF28F95E590016003A /* receipt */,
				0EA56B1A2932580000967A99 /* selectionSort */,
				0EA56B2E2932675B00967A99 /* insertionSort */,
				0EA56B3929331B4C00967A99 /* BubbleSort */,
				0E7752C62961377600E9E872 /* PickAQuadrant */,
				0EA0A5882993AC5C00652588 /* CompareTwoNumbers */,
				0E125C8129951BEF0019EF0B /* aPlusBMinusThree */,
				0E03B56329CD42FF00698C42 /* MaxMin */,
				0E2908EB29D138AF0043260F /* ADivideB */,
				0E2908F629D141590043260F /* LittleJeongmin */,
				0E29090129D144100043260F /* TakeAStar1 */,
				0E2E962C29D25CAD0034B6A3 /* TodayDate */,
				0E2E963829D26DDF0034B6A3 /* Sprout */,
				0E2E964E29D272840034B6A3 /* Registration */,
				0E2E965929D274570034B6A3 /* SafariWorld */,
				0E2E966429D277860034B6A3 /* NChopping */,
				0E2E966F29D279690034B6A3 /* Factorial */,
				0E901F1C29D3AC5D007B8006 /* TakeAStar2 */,
				0E901F2729D3B04F007B8006 /* OutputAsIs */,
				0EE42A7D29D42F8800C04A38 /* SummingUpNumbers */,
				0EE42A8829D4389D00C04A38 /* Average */,
			);
			name = Products;
			sourceTree = "<group>";
		};
		0EB9D18428F660BB00C7C557 /* stack */ = {
			isa = PBXGroup;
			children = (
				0EB9D18528F660BB00C7C557 /* main.swift */,
			);
			path = stack;
			sourceTree = "<group>";
		};
		0EB9D19128F6615100C7C557 /* aPlusb */ = {
			isa = PBXGroup;
			children = (
				0EB9D19228F6615100C7C557 /* main.swift */,
			);
			path = aPlusb;
			sourceTree = "<group>";
		};
		0EB9D19C28F666E000C7C557 /* aMinusb */ = {
			isa = PBXGroup;
			children = (
				0EB9D19D28F666E000C7C557 /* main.swift */,
			);
			path = aMinusb;
			sourceTree = "<group>";
		};
		0EB9D1A728F6687900C7C557 /* wordCount */ = {
			isa = PBXGroup;
			children = (
				0EB9D1A828F6687900C7C557 /* main.swift */,
			);
			path = wordCount;
			sourceTree = "<group>";
		};
		0EE42A7E29D42F8800C04A38 /* SummingUpNumbers */ = {
			isa = PBXGroup;
			children = (
				0EE42A7F29D42F8800C04A38 /* main.swift */,
			);
			path = SummingUpNumbers;
			sourceTree = "<group>";
		};
		0EE42A8929D4389D00C04A38 /* Average */ = {
			isa = PBXGroup;
			children = (
				0EE42A8A29D4389D00C04A38 /* main.swift */,
			);
			path = Average;
			sourceTree = "<group>";
		};
/* End PBXGroup section */

/* Begin PBXNativeTarget section */
		0E03B56229CD42FF00698C42 /* MaxMin */ = {
			isa = PBXNativeTarget;
			buildConfigurationList = 0E03B56929CD42FF00698C42 /* Build configuration list for PBXNativeTarget "MaxMin" */;
			buildPhases = (
				0E03B55F29CD42FF00698C42 /* Sources */,
				0E03B56029CD42FF00698C42 /* Frameworks */,
				0E03B56129CD42FF00698C42 /* CopyFiles */,
			);
			buildRules = (
			);
			dependencies = (
			);
			name = MaxMin;
			productName = MaxMin;
			productReference = 0E03B56329CD42FF00698C42 /* MaxMin */;
			productType = "com.apple.product-type.tool";
		};
		0E125C8029951BEF0019EF0B /* aPlusBMinusThree */ = {
			isa = PBXNativeTarget;
			buildConfigurationList = 0E125C8729951BEF0019EF0B /* Build configuration list for PBXNativeTarget "aPlusBMinusThree" */;
			buildPhases = (
				0E125C7D29951BEF0019EF0B /* Sources */,
				0E125C7E29951BEF0019EF0B /* Frameworks */,
				0E125C7F29951BEF0019EF0B /* CopyFiles */,
			);
			buildRules = (
			);
			dependencies = (
			);
			name = aPlusBMinusThree;
			productName = aPlusBMinusThree;
			productReference = 0E125C8129951BEF0019EF0B /* aPlusBMinusThree */;
			productType = "com.apple.product-type.tool";
		};
		0E2908EA29D138AF0043260F /* ADivideB */ = {
			isa = PBXNativeTarget;
			buildConfigurationList = 0E2908EF29D138AF0043260F /* Build configuration list for PBXNativeTarget "ADivideB" */;
			buildPhases = (
				0E2908E729D138AF0043260F /* Sources */,
				0E2908E829D138AF0043260F /* Frameworks */,
				0E2908E929D138AF0043260F /* CopyFiles */,
			);
			buildRules = (
			);
			dependencies = (
			);
			name = ADivideB;
			productName = ADivideB;
			productReference = 0E2908EB29D138AF0043260F /* ADivideB */;
			productType = "com.apple.product-type.tool";
		};
		0E2908F529D141590043260F /* LittleJeongmin */ = {
			isa = PBXNativeTarget;
			buildConfigurationList = 0E2908FA29D141590043260F /* Build configuration list for PBXNativeTarget "LittleJeongmin" */;
			buildPhases = (
				0E2908F229D141590043260F /* Sources */,
				0E2908F329D141590043260F /* Frameworks */,
				0E2908F429D141590043260F /* CopyFiles */,
			);
			buildRules = (
			);
			dependencies = (
			);
			name = LittleJeongmin;
			productName = LittleJeongmin;
			productReference = 0E2908F629D141590043260F /* LittleJeongmin */;
			productType = "com.apple.product-type.tool";
		};
		0E29090029D144100043260F /* TakeAStar1 */ = {
			isa = PBXNativeTarget;
			buildConfigurationList = 0E29090529D144110043260F /* Build configuration list for PBXNativeTarget "TakeAStar1" */;
			buildPhases = (
				0E2908FD29D144100043260F /* Sources */,
				0E2908FE29D144100043260F /* Frameworks */,
				0E2908FF29D144100043260F /* CopyFiles */,
			);
			buildRules = (
			);
			dependencies = (
			);
			name = TakeAStar1;
			productName = TakeAStar1;
			productReference = 0E29090129D144100043260F /* TakeAStar1 */;
			productType = "com.apple.product-type.tool";
		};
		0E2E962B29D25CAD0034B6A3 /* TodayDate */ = {
			isa = PBXNativeTarget;
			buildConfigurationList = 0E2E963229D25CAD0034B6A3 /* Build configuration list for PBXNativeTarget "TodayDate" */;
			buildPhases = (
				0E2E962829D25CAD0034B6A3 /* Sources */,
				0E2E962929D25CAD0034B6A3 /* Frameworks */,
				0E2E962A29D25CAD0034B6A3 /* CopyFiles */,
			);
			buildRules = (
			);
			dependencies = (
			);
			name = TodayDate;
			productName = TodayDate;
			productReference = 0E2E962C29D25CAD0034B6A3 /* TodayDate */;
			productType = "com.apple.product-type.tool";
		};
		0E2E963729D26DDF0034B6A3 /* Sprout */ = {
			isa = PBXNativeTarget;
			buildConfigurationList = 0E2E963C29D26DDF0034B6A3 /* Build configuration list for PBXNativeTarget "Sprout" */;
			buildPhases = (
				0E2E963429D26DDF0034B6A3 /* Sources */,
				0E2E963529D26DDF0034B6A3 /* Frameworks */,
				0E2E963629D26DDF0034B6A3 /* CopyFiles */,
			);
			buildRules = (
			);
			dependencies = (
			);
			name = Sprout;
			productName = Sprout;
			productReference = 0E2E963829D26DDF0034B6A3 /* Sprout */;
			productType = "com.apple.product-type.tool";
		};
		0E2E964D29D272840034B6A3 /* Registration */ = {
			isa = PBXNativeTarget;
			buildConfigurationList = 0E2E965229D272840034B6A3 /* Build configuration list for PBXNativeTarget "Registration" */;
			buildPhases = (
				0E2E964A29D272840034B6A3 /* Sources */,
				0E2E964B29D272840034B6A3 /* Frameworks */,
				0E2E964C29D272840034B6A3 /* CopyFiles */,
			);
			buildRules = (
			);
			dependencies = (
			);
			name = Registration;
			productName = Registration;
			productReference = 0E2E964E29D272840034B6A3 /* Registration */;
			productType = "com.apple.product-type.tool";
		};
		0E2E965829D274570034B6A3 /* SafariWorld */ = {
			isa = PBXNativeTarget;
			buildConfigurationList = 0E2E965D29D274570034B6A3 /* Build configuration list for PBXNativeTarget "SafariWorld" */;
			buildPhases = (
				0E2E965529D274570034B6A3 /* Sources */,
				0E2E965629D274570034B6A3 /* Frameworks */,
				0E2E965729D274570034B6A3 /* CopyFiles */,
			);
			buildRules = (
			);
			dependencies = (
			);
			name = SafariWorld;
			productName = SafariWorld;
			productReference = 0E2E965929D274570034B6A3 /* SafariWorld */;
			productType = "com.apple.product-type.tool";
		};
		0E2E966329D277860034B6A3 /* NChopping */ = {
			isa = PBXNativeTarget;
			buildConfigurationList = 0E2E966829D277870034B6A3 /* Build configuration list for PBXNativeTarget "NChopping" */;
			buildPhases = (
				0E2E966029D277860034B6A3 /* Sources */,
				0E2E966129D277860034B6A3 /* Frameworks */,
				0E2E966229D277860034B6A3 /* CopyFiles */,
			);
			buildRules = (
			);
			dependencies = (
			);
			name = NChopping;
			productName = NChopping;
			productReference = 0E2E966429D277860034B6A3 /* NChopping */;
			productType = "com.apple.product-type.tool";
		};
		0E2E966E29D279690034B6A3 /* Factorial */ = {
			isa = PBXNativeTarget;
			buildConfigurationList = 0E2E967329D279690034B6A3 /* Build configuration list for PBXNativeTarget "Factorial" */;
			buildPhases = (
				0E2E966B29D279690034B6A3 /* Sources */,
				0E2E966C29D279690034B6A3 /* Frameworks */,
				0E2E966D29D279690034B6A3 /* CopyFiles */,
			);
			buildRules = (
			);
			dependencies = (
			);
			name = Factorial;
			productName = Factorial;
			productReference = 0E2E966F29D279690034B6A3 /* Factorial */;
			productType = "com.apple.product-type.tool";
		};
		0E7752C52961377600E9E872 /* PickAQuadrant */ = {
			isa = PBXNativeTarget;
			buildConfigurationList = 0E7752CA2961377600E9E872 /* Build configuration list for PBXNativeTarget "PickAQuadrant" */;
			buildPhases = (
				0E7752C22961377600E9E872 /* Sources */,
				0E7752C32961377600E9E872 /* Frameworks */,
				0E7752C42961377600E9E872 /* CopyFiles */,
			);
			buildRules = (
			);
			dependencies = (
			);
			name = PickAQuadrant;
			productName = PickAQuadrant;
			productReference = 0E7752C62961377600E9E872 /* PickAQuadrant */;
			productType = "com.apple.product-type.tool";
		};
		0E901F1B29D3AC5D007B8006 /* TakeAStar2 */ = {
			isa = PBXNativeTarget;
			buildConfigurationList = 0E901F2229D3AC5D007B8006 /* Build configuration list for PBXNativeTarget "TakeAStar2" */;
			buildPhases = (
				0E901F1829D3AC5D007B8006 /* Sources */,
				0E901F1929D3AC5D007B8006 /* Frameworks */,
				0E901F1A29D3AC5D007B8006 /* CopyFiles */,
			);
			buildRules = (
			);
			dependencies = (
			);
			name = TakeAStar2;
			productName = TakeAStar2;
			productReference = 0E901F1C29D3AC5D007B8006 /* TakeAStar2 */;
			productType = "com.apple.product-type.tool";
		};
		0E901F2629D3B04F007B8006 /* OutputAsIs */ = {
			isa = PBXNativeTarget;
			buildConfigurationList = 0E901F2B29D3B04F007B8006 /* Build configuration list for PBXNativeTarget "OutputAsIs" */;
			buildPhases = (
				0E901F2329D3B04F007B8006 /* Sources */,
				0E901F2429D3B04F007B8006 /* Frameworks */,
				0E901F2529D3B04F007B8006 /* CopyFiles */,
			);
			buildRules = (
			);
			dependencies = (
			);
			name = OutputAsIs;
			productName = OutputAsIs;
			productReference = 0E901F2729D3B04F007B8006 /* OutputAsIs */;
			productType = "com.apple.product-type.tool";
		};
		0E97DA7628F7F50500C6E32D /* gugudan */ = {
			isa = PBXNativeTarget;
			buildConfigurationList = 0E97DA7D28F7F50500C6E32D /* Build configuration list for PBXNativeTarget "gugudan" */;
			buildPhases = (
				0E97DA7328F7F50500C6E32D /* Sources */,
				0E97DA7428F7F50500C6E32D /* Frameworks */,
				0E97DA7528F7F50500C6E32D /* CopyFiles */,
			);
			buildRules = (
			);
			dependencies = (
			);
			name = gugudan;
			productName = gugudan;
			productReference = 0E97DA7728F7F50500C6E32D /* gugudan */;
			productType = "com.apple.product-type.tool";
		};
		0E97DA8128F7F6DC00C6E32D /* wordStduy */ = {
			isa = PBXNativeTarget;
			buildConfigurationList = 0E97DA8628F7F6DC00C6E32D /* Build configuration list for PBXNativeTarget "wordStduy" */;
			buildPhases = (
				0E97DA7E28F7F6DC00C6E32D /* Sources */,
				0E97DA7F28F7F6DC00C6E32D /* Frameworks */,
				0E97DA8028F7F6DC00C6E32D /* CopyFiles */,
			);
			buildRules = (
			);
			dependencies = (
			);
			name = wordStduy;
			productName = wordStduy;
			productReference = 0E97DA8228F7F6DC00C6E32D /* wordStduy */;
			productType = "com.apple.product-type.tool";
		};
		0E99B7EE28F95E590016003A /* receipt */ = {
			isa = PBXNativeTarget;
			buildConfigurationList = 0E99B7F528F95E5A0016003A /* Build configuration list for PBXNativeTarget "receipt" */;
			buildPhases = (
				0E99B7EB28F95E590016003A /* Sources */,
				0E99B7EC28F95E590016003A /* Frameworks */,
				0E99B7ED28F95E590016003A /* CopyFiles */,
			);
			buildRules = (
			);
			dependencies = (
			);
			name = receipt;
			productName = receipt;
			productReference = 0E99B7EF28F95E590016003A /* receipt */;
			productType = "com.apple.product-type.tool";
		};
		0EA0A5872993AC5C00652588 /* CompareTwoNumbers */ = {
			isa = PBXNativeTarget;
			buildConfigurationList = 0EA0A58C2993AC5C00652588 /* Build configuration list for PBXNativeTarget "CompareTwoNumbers" */;
			buildPhases = (
				0EA0A5842993AC5C00652588 /* Sources */,
				0EA0A5852993AC5C00652588 /* Frameworks */,
				0EA0A5862993AC5C00652588 /* CopyFiles */,
			);
			buildRules = (
			);
			dependencies = (
			);
			name = CompareTwoNumbers;
			productName = CompareTwoNumbers;
			productReference = 0EA0A5882993AC5C00652588 /* CompareTwoNumbers */;
			productType = "com.apple.product-type.tool";
		};
		0EA56B192932580000967A99 /* selectionSort */ = {
			isa = PBXNativeTarget;
			buildConfigurationList = 0EA56B202932580000967A99 /* Build configuration list for PBXNativeTarget "selectionSort" */;
			buildPhases = (
				0EA56B162932580000967A99 /* Sources */,
				0EA56B172932580000967A99 /* Frameworks */,
				0EA56B182932580000967A99 /* CopyFiles */,
			);
			buildRules = (
			);
			dependencies = (
			);
			name = selectionSort;
			productName = selectionSort;
			productReference = 0EA56B1A2932580000967A99 /* selectionSort */;
			productType = "com.apple.product-type.tool";
		};
		0EA56B2D2932675B00967A99 /* insertionSort */ = {
			isa = PBXNativeTarget;
			buildConfigurationList = 0EA56B342932675B00967A99 /* Build configuration list for PBXNativeTarget "insertionSort" */;
			buildPhases = (
				0EA56B2A2932675B00967A99 /* Sources */,
				0EA56B2B2932675B00967A99 /* Frameworks */,
				0EA56B2C2932675B00967A99 /* CopyFiles */,
			);
			buildRules = (
			);
			dependencies = (
			);
			name = insertionSort;
			productName = insertionSort;
			productReference = 0EA56B2E2932675B00967A99 /* insertionSort */;
			productType = "com.apple.product-type.tool";
		};
		0EA56B3829331B4C00967A99 /* BubbleSort */ = {
			isa = PBXNativeTarget;
			buildConfigurationList = 0EA56B3D29331B4C00967A99 /* Build configuration list for PBXNativeTarget "BubbleSort" */;
			buildPhases = (
				0EA56B3529331B4C00967A99 /* Sources */,
				0EA56B3629331B4C00967A99 /* Frameworks */,
				0EA56B3729331B4C00967A99 /* CopyFiles */,
			);
			buildRules = (
			);
			dependencies = (
			);
			name = BubbleSort;
			productName = BubbleSort;
			productReference = 0EA56B3929331B4C00967A99 /* BubbleSort */;
			productType = "com.apple.product-type.tool";
		};
		0EB9D18128F660BB00C7C557 /* SwiftAlgorithm */ = {
			isa = PBXNativeTarget;
			buildConfigurationList = 0EB9D18928F660BB00C7C557 /* Build configuration list for PBXNativeTarget "SwiftAlgorithm" */;
			buildPhases = (
				0EB9D17E28F660BB00C7C557 /* Sources */,
				0EB9D17F28F660BB00C7C557 /* Frameworks */,
				0EB9D18028F660BB00C7C557 /* CopyFiles */,
			);
			buildRules = (
			);
			dependencies = (
			);
			name = SwiftAlgorithm;
			productName = SwiftAlgorithm;
			productReference = 0EB9D18228F660BB00C7C557 /* SwiftAlgorithm */;
			productType = "com.apple.product-type.tool";
		};
		0EB9D18F28F6615100C7C557 /* aPlusb */ = {
			isa = PBXNativeTarget;
			buildConfigurationList = 0EB9D19428F6615100C7C557 /* Build configuration list for PBXNativeTarget "aPlusb" */;
			buildPhases = (
				0EB9D18C28F6615100C7C557 /* Sources */,
				0EB9D18D28F6615100C7C557 /* Frameworks */,
				0EB9D18E28F6615100C7C557 /* CopyFiles */,
			);
			buildRules = (
			);
			dependencies = (
			);
			name = aPlusb;
			productName = aPlusb;
			productReference = 0EB9D19028F6615100C7C557 /* aPlusb */;
			productType = "com.apple.product-type.tool";
		};
		0EB9D19A28F666DF00C7C557 /* aMinusb */ = {
			isa = PBXNativeTarget;
			buildConfigurationList = 0EB9D19F28F666E000C7C557 /* Build configuration list for PBXNativeTarget "aMinusb" */;
			buildPhases = (
				0EB9D19728F666DF00C7C557 /* Sources */,
				0EB9D19828F666DF00C7C557 /* Frameworks */,
				0EB9D19928F666DF00C7C557 /* CopyFiles */,
			);
			buildRules = (
			);
			dependencies = (
			);
			name = aMinusb;
			productName = aMinusb;
			productReference = 0EB9D19B28F666DF00C7C557 /* aMinusb */;
			productType = "com.apple.product-type.tool";
		};
		0EB9D1A528F6687900C7C557 /* wordCount */ = {
			isa = PBXNativeTarget;
			buildConfigurationList = 0EB9D1AA28F6687900C7C557 /* Build configuration list for PBXNativeTarget "wordCount" */;
			buildPhases = (
				0EB9D1A228F6687900C7C557 /* Sources */,
				0EB9D1A328F6687900C7C557 /* Frameworks */,
				0EB9D1A428F6687900C7C557 /* CopyFiles */,
			);
			buildRules = (
			);
			dependencies = (
			);
			name = wordCount;
			productName = wordCount;
			productReference = 0EB9D1A628F6687900C7C557 /* wordCount */;
			productType = "com.apple.product-type.tool";
		};
		0EE42A7C29D42F8800C04A38 /* SummingUpNumbers */ = {
			isa = PBXNativeTarget;
			buildConfigurationList = 0EE42A8329D42F8800C04A38 /* Build configuration list for PBXNativeTarget "SummingUpNumbers" */;
			buildPhases = (
				0EE42A7929D42F8800C04A38 /* Sources */,
				0EE42A7A29D42F8800C04A38 /* Frameworks */,
				0EE42A7B29D42F8800C04A38 /* CopyFiles */,
			);
			buildRules = (
			);
			dependencies = (
			);
			name = SummingUpNumbers;
			productName = SummingUpNumbers;
			productReference = 0EE42A7D29D42F8800C04A38 /* SummingUpNumbers */;
			productType = "com.apple.product-type.tool";
		};
		0EE42A8729D4389D00C04A38 /* Average */ = {
			isa = PBXNativeTarget;
			buildConfigurationList = 0EE42A8C29D4389D00C04A38 /* Build configuration list for PBXNativeTarget "Average" */;
			buildPhases = (
				0EE42A8429D4389D00C04A38 /* Sources */,
				0EE42A8529D4389D00C04A38 /* Frameworks */,
				0EE42A8629D4389D00C04A38 /* CopyFiles */,
			);
			buildRules = (
			);
			dependencies = (
			);
			name = Average;
			productName = Average;
			productReference = 0EE42A8829D4389D00C04A38 /* Average */;
			productType = "com.apple.product-type.tool";
		};
/* End PBXNativeTarget section */

/* Begin PBXProject section */
		0EB9D17A28F660BB00C7C557 /* Project object */ = {
			isa = PBXProject;
			attributes = {
				BuildIndependentTargetsInParallel = 1;
				LastSwiftUpdateCheck = 1420;
				LastUpgradeCheck = 1410;
				TargetAttributes = {
					0E03B56229CD42FF00698C42 = {
						CreatedOnToolsVersion = 14.2;
					};
					0E125C8029951BEF0019EF0B = {
						CreatedOnToolsVersion = 14.2;
					};
					0E2908EA29D138AF0043260F = {
						CreatedOnToolsVersion = 14.2;
					};
					0E2908F529D141590043260F = {
						CreatedOnToolsVersion = 14.2;
					};
					0E29090029D144100043260F = {
						CreatedOnToolsVersion = 14.2;
					};
					0E2E962B29D25CAD0034B6A3 = {
						CreatedOnToolsVersion = 14.2;
					};
					0E2E963729D26DDF0034B6A3 = {
						CreatedOnToolsVersion = 14.2;
					};
					0E2E964D29D272840034B6A3 = {
						CreatedOnToolsVersion = 14.2;
					};
					0E2E965829D274570034B6A3 = {
						CreatedOnToolsVersion = 14.2;
					};
					0E2E966329D277860034B6A3 = {
						CreatedOnToolsVersion = 14.2;
					};
					0E2E966E29D279690034B6A3 = {
						CreatedOnToolsVersion = 14.2;
					};
					0E7752C52961377600E9E872 = {
						CreatedOnToolsVersion = 14.2;
					};
					0E901F1B29D3AC5D007B8006 = {
						CreatedOnToolsVersion = 14.2;
					};
					0E901F2629D3B04F007B8006 = {
						CreatedOnToolsVersion = 14.2;
					};
					0E97DA7628F7F50500C6E32D = {
						CreatedOnToolsVersion = 14.0.1;
					};
					0E97DA8128F7F6DC00C6E32D = {
						CreatedOnToolsVersion = 14.0.1;
					};
					0E99B7EE28F95E590016003A = {
						CreatedOnToolsVersion = 14.0.1;
					};
					0EA0A5872993AC5C00652588 = {
						CreatedOnToolsVersion = 14.2;
					};
					0EA56B192932580000967A99 = {
						CreatedOnToolsVersion = 14.1;
					};
					0EA56B2D2932675B00967A99 = {
						CreatedOnToolsVersion = 14.1;
					};
					0EA56B3829331B4C00967A99 = {
						CreatedOnToolsVersion = 14.1;
					};
					0EB9D18128F660BB00C7C557 = {
						CreatedOnToolsVersion = 14.0.1;
					};
					0EB9D18F28F6615100C7C557 = {
						CreatedOnToolsVersion = 14.0.1;
					};
					0EB9D19A28F666DF00C7C557 = {
						CreatedOnToolsVersion = 14.0.1;
					};
					0EB9D1A528F6687900C7C557 = {
						CreatedOnToolsVersion = 14.0.1;
					};
					0EE42A7C29D42F8800C04A38 = {
						CreatedOnToolsVersion = 14.2;
					};
					0EE42A8729D4389D00C04A38 = {
						CreatedOnToolsVersion = 14.2;
					};
				};
			};
			buildConfigurationList = 0EB9D17D28F660BB00C7C557 /* Build configuration list for PBXProject "SwiftAlgorithm" */;
			compatibilityVersion = "Xcode 14.0";
			developmentRegion = en;
			hasScannedForEncodings = 0;
			knownRegions = (
				en,
				Base,
			);
			mainGroup = 0EB9D17928F660BB00C7C557;
			productRefGroup = 0EB9D18328F660BB00C7C557 /* Products */;
			projectDirPath = "";
			projectRoot = "";
			targets = (
				0EB9D18128F660BB00C7C557 /* SwiftAlgorithm */,
				0EB9D18F28F6615100C7C557 /* aPlusb */,
				0EB9D19A28F666DF00C7C557 /* aMinusb */,
				0EB9D1A528F6687900C7C557 /* wordCount */,
				0E97DA7628F7F50500C6E32D /* gugudan */,
				0E97DA8128F7F6DC00C6E32D /* wordStduy */,
				0E99B7EE28F95E590016003A /* receipt */,
				0EA56B192932580000967A99 /* selectionSort */,
				0EA56B2D2932675B00967A99 /* insertionSort */,
				0EA56B3829331B4C00967A99 /* BubbleSort */,
				0E7752C52961377600E9E872 /* PickAQuadrant */,
				0EA0A5872993AC5C00652588 /* CompareTwoNumbers */,
				0E125C8029951BEF0019EF0B /* aPlusBMinusThree */,
				0E03B56229CD42FF00698C42 /* MaxMin */,
				0E2908EA29D138AF0043260F /* ADivideB */,
				0E2908F529D141590043260F /* LittleJeongmin */,
				0E29090029D144100043260F /* TakeAStar1 */,
				0E2E962B29D25CAD0034B6A3 /* TodayDate */,
				0E2E963729D26DDF0034B6A3 /* Sprout */,
				0E2E964D29D272840034B6A3 /* Registration */,
				0E2E965829D274570034B6A3 /* SafariWorld */,
				0E2E966329D277860034B6A3 /* NChopping */,
				0E2E966E29D279690034B6A3 /* Factorial */,
				0E901F1B29D3AC5D007B8006 /* TakeAStar2 */,
				0E901F2629D3B04F007B8006 /* OutputAsIs */,
				0EE42A7C29D42F8800C04A38 /* SummingUpNumbers */,
				0EE42A8729D4389D00C04A38 /* Average */,
			);
		};
/* End PBXProject section */

/* Begin PBXSourcesBuildPhase section */
		0E03B55F29CD42FF00698C42 /* Sources */ = {
			isa = PBXSourcesBuildPhase;
			buildActionMask = 2147483647;
			files = (
				0E03B56629CD42FF00698C42 /* main.swift in Sources */,
			);
			runOnlyForDeploymentPostprocessing = 0;
		};
		0E125C7D29951BEF0019EF0B /* Sources */ = {
			isa = PBXSourcesBuildPhase;
			buildActionMask = 2147483647;
			files = (
				0E125C8429951BEF0019EF0B /* main.swift in Sources */,
			);
			runOnlyForDeploymentPostprocessing = 0;
		};
		0E2908E729D138AF0043260F /* Sources */ = {
			isa = PBXSourcesBuildPhase;
			buildActionMask = 2147483647;
			files = (
				0E2908EE29D138AF0043260F /* main.swift in Sources */,
			);
			runOnlyForDeploymentPostprocessing = 0;
		};
		0E2908F229D141590043260F /* Sources */ = {
			isa = PBXSourcesBuildPhase;
			buildActionMask = 2147483647;
			files = (
				0E2908F929D141590043260F /* main.swift in Sources */,
			);
			runOnlyForDeploymentPostprocessing = 0;
		};
		0E2908FD29D144100043260F /* Sources */ = {
			isa = PBXSourcesBuildPhase;
			buildActionMask = 2147483647;
			files = (
				0E29090429D144110043260F /* main.swift in Sources */,
			);
			runOnlyForDeploymentPostprocessing = 0;
		};
		0E2E962829D25CAD0034B6A3 /* Sources */ = {
			isa = PBXSourcesBuildPhase;
			buildActionMask = 2147483647;
			files = (
				0E2E962F29D25CAD0034B6A3 /* main.swift in Sources */,
			);
			runOnlyForDeploymentPostprocessing = 0;
		};
		0E2E963429D26DDF0034B6A3 /* Sources */ = {
			isa = PBXSourcesBuildPhase;
			buildActionMask = 2147483647;
			files = (
				0E2E963B29D26DDF0034B6A3 /* main.swift in Sources */,
			);
			runOnlyForDeploymentPostprocessing = 0;
		};
		0E2E964A29D272840034B6A3 /* Sources */ = {
			isa = PBXSourcesBuildPhase;
			buildActionMask = 2147483647;
			files = (
				0E2E965129D272840034B6A3 /* main.swift in Sources */,
			);
			runOnlyForDeploymentPostprocessing = 0;
		};
		0E2E965529D274570034B6A3 /* Sources */ = {
			isa = PBXSourcesBuildPhase;
			buildActionMask = 2147483647;
			files = (
				0E2E965C29D274570034B6A3 /* main.swift in Sources */,
			);
			runOnlyForDeploymentPostprocessing = 0;
		};
		0E2E966029D277860034B6A3 /* Sources */ = {
			isa = PBXSourcesBuildPhase;
			buildActionMask = 2147483647;
			files = (
				0E2E966729D277870034B6A3 /* main.swift in Sources */,
			);
			runOnlyForDeploymentPostprocessing = 0;
		};
		0E2E966B29D279690034B6A3 /* Sources */ = {
			isa = PBXSourcesBuildPhase;
			buildActionMask = 2147483647;
			files = (
				0E2E967229D279690034B6A3 /* main.swift in Sources */,
			);
			runOnlyForDeploymentPostprocessing = 0;
		};
		0E7752C22961377600E9E872 /* Sources */ = {
			isa = PBXSourcesBuildPhase;
			buildActionMask = 2147483647;
			files = (
				0E7752C92961377600E9E872 /* main.swift in Sources */,
			);
			runOnlyForDeploymentPostprocessing = 0;
		};
		0E901F1829D3AC5D007B8006 /* Sources */ = {
			isa = PBXSourcesBuildPhase;
			buildActionMask = 2147483647;
			files = (
				0E901F1F29D3AC5D007B8006 /* main.swift in Sources */,
			);
			runOnlyForDeploymentPostprocessing = 0;
		};
		0E901F2329D3B04F007B8006 /* Sources */ = {
			isa = PBXSourcesBuildPhase;
			buildActionMask = 2147483647;
			files = (
				0E901F2A29D3B04F007B8006 /* main.swift in Sources */,
			);
			runOnlyForDeploymentPostprocessing = 0;
		};
		0E97DA7328F7F50500C6E32D /* Sources */ = {
			isa = PBXSourcesBuildPhase;
			buildActionMask = 2147483647;
			files = (
				0E97DA7A28F7F50500C6E32D /* main.swift in Sources */,
			);
			runOnlyForDeploymentPostprocessing = 0;
		};
		0E97DA7E28F7F6DC00C6E32D /* Sources */ = {
			isa = PBXSourcesBuildPhase;
			buildActionMask = 2147483647;
			files = (
			);
			runOnlyForDeploymentPostprocessing = 0;
		};
		0E99B7EB28F95E590016003A /* Sources */ = {
			isa = PBXSourcesBuildPhase;
			buildActionMask = 2147483647;
			files = (
				0E99B7F228F95E5A0016003A /* main.swift in Sources */,
			);
			runOnlyForDeploymentPostprocessing = 0;
		};
		0EA0A5842993AC5C00652588 /* Sources */ = {
			isa = PBXSourcesBuildPhase;
			buildActionMask = 2147483647;
			files = (
				0EA0A58B2993AC5C00652588 /* main.swift in Sources */,
			);
			runOnlyForDeploymentPostprocessing = 0;
		};
		0EA56B162932580000967A99 /* Sources */ = {
			isa = PBXSourcesBuildPhase;
			buildActionMask = 2147483647;
			files = (
				0EA56B1D2932580000967A99 /* main.swift in Sources */,
			);
			runOnlyForDeploymentPostprocessing = 0;
		};
		0EA56B2A2932675B00967A99 /* Sources */ = {
			isa = PBXSourcesBuildPhase;
			buildActionMask = 2147483647;
			files = (
				0EA56B312932675B00967A99 /* main.swift in Sources */,
			);
			runOnlyForDeploymentPostprocessing = 0;
		};
		0EA56B3529331B4C00967A99 /* Sources */ = {
			isa = PBXSourcesBuildPhase;
			buildActionMask = 2147483647;
			files = (
				0EA56B3C29331B4C00967A99 /* main.swift in Sources */,
			);
			runOnlyForDeploymentPostprocessing = 0;
		};
		0EB9D17E28F660BB00C7C557 /* Sources */ = {
			isa = PBXSourcesBuildPhase;
			buildActionMask = 2147483647;
			files = (
				0EB9D18628F660BB00C7C557 /* main.swift in Sources */,
			);
			runOnlyForDeploymentPostprocessing = 0;
		};
		0EB9D18C28F6615100C7C557 /* Sources */ = {
			isa = PBXSourcesBuildPhase;
			buildActionMask = 2147483647;
			files = (
				0EB9D19328F6615100C7C557 /* main.swift in Sources */,
			);
			runOnlyForDeploymentPostprocessing = 0;
		};
		0EB9D19728F666DF00C7C557 /* Sources */ = {
			isa = PBXSourcesBuildPhase;
			buildActionMask = 2147483647;
			files = (
				0EB9D19E28F666E000C7C557 /* main.swift in Sources */,
			);
			runOnlyForDeploymentPostprocessing = 0;
		};
		0EB9D1A228F6687900C7C557 /* Sources */ = {
			isa = PBXSourcesBuildPhase;
			buildActionMask = 2147483647;
			files = (
				0EB9D1A928F6687900C7C557 /* main.swift in Sources */,
			);
			runOnlyForDeploymentPostprocessing = 0;
		};
		0EE42A7929D42F8800C04A38 /* Sources */ = {
			isa = PBXSourcesBuildPhase;
			buildActionMask = 2147483647;
			files = (
				0EE42A8029D42F8800C04A38 /* main.swift in Sources */,
			);
			runOnlyForDeploymentPostprocessing = 0;
		};
		0EE42A8429D4389D00C04A38 /* Sources */ = {
			isa = PBXSourcesBuildPhase;
			buildActionMask = 2147483647;
			files = (
				0EE42A8B29D4389D00C04A38 /* main.swift in Sources */,
			);
			runOnlyForDeploymentPostprocessing = 0;
		};
/* End PBXSourcesBuildPhase section */

/* Begin XCBuildConfiguration section */
		0E03B56729CD42FF00698C42 /* Debug */ = {
			isa = XCBuildConfiguration;
			buildSettings = {
				CODE_SIGN_STYLE = Automatic;
				DEVELOPMENT_TEAM = 92YDTRVDUA;
				ENABLE_HARDENED_RUNTIME = YES;
				MACOSX_DEPLOYMENT_TARGET = 13.1;
				PRODUCT_NAME = "$(TARGET_NAME)";
				SWIFT_VERSION = 5.0;
			};
			name = Debug;
		};
		0E03B56829CD42FF00698C42 /* Release */ = {
			isa = XCBuildConfiguration;
			buildSettings = {
				CODE_SIGN_STYLE = Automatic;
				DEVELOPMENT_TEAM = 92YDTRVDUA;
				ENABLE_HARDENED_RUNTIME = YES;
				MACOSX_DEPLOYMENT_TARGET = 13.1;
				PRODUCT_NAME = "$(TARGET_NAME)";
				SWIFT_VERSION = 5.0;
			};
			name = Release;
		};
		0E125C8529951BEF0019EF0B /* Debug */ = {
			isa = XCBuildConfiguration;
			buildSettings = {
				CODE_SIGN_STYLE = Automatic;
				DEVELOPMENT_TEAM = 92YDTRVDUA;
				ENABLE_HARDENED_RUNTIME = YES;
				MACOSX_DEPLOYMENT_TARGET = 13.1;
				PRODUCT_NAME = "$(TARGET_NAME)";
				SWIFT_VERSION = 5.0;
			};
			name = Debug;
		};
		0E125C8629951BEF0019EF0B /* Release */ = {
			isa = XCBuildConfiguration;
			buildSettings = {
				CODE_SIGN_STYLE = Automatic;
				DEVELOPMENT_TEAM = 92YDTRVDUA;
				ENABLE_HARDENED_RUNTIME = YES;
				MACOSX_DEPLOYMENT_TARGET = 13.1;
				PRODUCT_NAME = "$(TARGET_NAME)";
				SWIFT_VERSION = 5.0;
			};
			name = Release;
		};
		0E2908F029D138AF0043260F /* Debug */ = {
			isa = XCBuildConfiguration;
			buildSettings = {
				CODE_SIGN_STYLE = Automatic;
				DEVELOPMENT_TEAM = 92YDTRVDUA;
				ENABLE_HARDENED_RUNTIME = YES;
				MACOSX_DEPLOYMENT_TARGET = 13.1;
				PRODUCT_NAME = "$(TARGET_NAME)";
				SWIFT_VERSION = 5.0;
			};
			name = Debug;
		};
		0E2908F129D138AF0043260F /* Release */ = {
			isa = XCBuildConfiguration;
			buildSettings = {
				CODE_SIGN_STYLE = Automatic;
				DEVELOPMENT_TEAM = 92YDTRVDUA;
				ENABLE_HARDENED_RUNTIME = YES;
				MACOSX_DEPLOYMENT_TARGET = 13.1;
				PRODUCT_NAME = "$(TARGET_NAME)";
				SWIFT_VERSION = 5.0;
			};
			name = Release;
		};
		0E2908FB29D141590043260F /* Debug */ = {
			isa = XCBuildConfiguration;
			buildSettings = {
				CODE_SIGN_STYLE = Automatic;
				DEVELOPMENT_TEAM = 92YDTRVDUA;
				ENABLE_HARDENED_RUNTIME = YES;
				MACOSX_DEPLOYMENT_TARGET = 13.1;
				PRODUCT_NAME = "$(TARGET_NAME)";
				SWIFT_VERSION = 5.0;
			};
			name = Debug;
		};
		0E2908FC29D141590043260F /* Release */ = {
			isa = XCBuildConfiguration;
			buildSettings = {
				CODE_SIGN_STYLE = Automatic;
				DEVELOPMENT_TEAM = 92YDTRVDUA;
				ENABLE_HARDENED_RUNTIME = YES;
				MACOSX_DEPLOYMENT_TARGET = 13.1;
				PRODUCT_NAME = "$(TARGET_NAME)";
				SWIFT_VERSION = 5.0;
			};
			name = Release;
		};
		0E29090629D144110043260F /* Debug */ = {
			isa = XCBuildConfiguration;
			buildSettings = {
				CODE_SIGN_STYLE = Automatic;
				DEVELOPMENT_TEAM = 92YDTRVDUA;
				ENABLE_HARDENED_RUNTIME = YES;
				MACOSX_DEPLOYMENT_TARGET = 13.1;
				PRODUCT_NAME = "$(TARGET_NAME)";
				SWIFT_VERSION = 5.0;
			};
			name = Debug;
		};
		0E29090729D144110043260F /* Release */ = {
			isa = XCBuildConfiguration;
			buildSettings = {
				CODE_SIGN_STYLE = Automatic;
				DEVELOPMENT_TEAM = 92YDTRVDUA;
				ENABLE_HARDENED_RUNTIME = YES;
				MACOSX_DEPLOYMENT_TARGET = 13.1;
				PRODUCT_NAME = "$(TARGET_NAME)";
				SWIFT_VERSION = 5.0;
			};
			name = Release;
		};
		0E2E963029D25CAD0034B6A3 /* Debug */ = {
			isa = XCBuildConfiguration;
			buildSettings = {
				CODE_SIGN_STYLE = Automatic;
				DEVELOPMENT_TEAM = 92YDTRVDUA;
				ENABLE_HARDENED_RUNTIME = YES;
				MACOSX_DEPLOYMENT_TARGET = 13.1;
				PRODUCT_NAME = "$(TARGET_NAME)";
				SWIFT_VERSION = 5.0;
			};
			name = Debug;
		};
		0E2E963129D25CAD0034B6A3 /* Release */ = {
			isa = XCBuildConfiguration;
			buildSettings = {
				CODE_SIGN_STYLE = Automatic;
				DEVELOPMENT_TEAM = 92YDTRVDUA;
				ENABLE_HARDENED_RUNTIME = YES;
				MACOSX_DEPLOYMENT_TARGET = 13.1;
				PRODUCT_NAME = "$(TARGET_NAME)";
				SWIFT_VERSION = 5.0;
			};
			name = Release;
		};
		0E2E963D29D26DDF0034B6A3 /* Debug */ = {
			isa = XCBuildConfiguration;
			buildSettings = {
				CODE_SIGN_STYLE = Automatic;
				DEVELOPMENT_TEAM = 92YDTRVDUA;
				ENABLE_HARDENED_RUNTIME = YES;
				MACOSX_DEPLOYMENT_TARGET = 13.1;
				PRODUCT_NAME = "$(TARGET_NAME)";
				SWIFT_VERSION = 5.0;
			};
			name = Debug;
		};
		0E2E963E29D26DDF0034B6A3 /* Release */ = {
			isa = XCBuildConfiguration;
			buildSettings = {
				CODE_SIGN_STYLE = Automatic;
				DEVELOPMENT_TEAM = 92YDTRVDUA;
				ENABLE_HARDENED_RUNTIME = YES;
				MACOSX_DEPLOYMENT_TARGET = 13.1;
				PRODUCT_NAME = "$(TARGET_NAME)";
				SWIFT_VERSION = 5.0;
			};
			name = Release;
		};
		0E2E965329D272840034B6A3 /* Debug */ = {
			isa = XCBuildConfiguration;
			buildSettings = {
				CODE_SIGN_STYLE = Automatic;
				DEVELOPMENT_TEAM = 92YDTRVDUA;
				ENABLE_HARDENED_RUNTIME = YES;
				MACOSX_DEPLOYMENT_TARGET = 13.1;
				PRODUCT_NAME = "$(TARGET_NAME)";
				SWIFT_VERSION = 5.0;
			};
			name = Debug;
		};
		0E2E965429D272840034B6A3 /* Release */ = {
			isa = XCBuildConfiguration;
			buildSettings = {
				CODE_SIGN_STYLE = Automatic;
				DEVELOPMENT_TEAM = 92YDTRVDUA;
				ENABLE_HARDENED_RUNTIME = YES;
				MACOSX_DEPLOYMENT_TARGET = 13.1;
				PRODUCT_NAME = "$(TARGET_NAME)";
				SWIFT_VERSION = 5.0;
			};
			name = Release;
		};
		0E2E965E29D274570034B6A3 /* Debug */ = {
			isa = XCBuildConfiguration;
			buildSettings = {
				CODE_SIGN_STYLE = Automatic;
				DEVELOPMENT_TEAM = 92YDTRVDUA;
				ENABLE_HARDENED_RUNTIME = YES;
				MACOSX_DEPLOYMENT_TARGET = 13.1;
				PRODUCT_NAME = "$(TARGET_NAME)";
				SWIFT_VERSION = 5.0;
			};
			name = Debug;
		};
		0E2E965F29D274570034B6A3 /* Release */ = {
			isa = XCBuildConfiguration;
			buildSettings = {
				CODE_SIGN_STYLE = Automatic;
				DEVELOPMENT_TEAM = 92YDTRVDUA;
				ENABLE_HARDENED_RUNTIME = YES;
				MACOSX_DEPLOYMENT_TARGET = 13.1;
				PRODUCT_NAME = "$(TARGET_NAME)";
				SWIFT_VERSION = 5.0;
			};
			name = Release;
		};
		0E2E966929D277870034B6A3 /* Debug */ = {
			isa = XCBuildConfiguration;
			buildSettings = {
				CODE_SIGN_STYLE = Automatic;
				DEVELOPMENT_TEAM = 92YDTRVDUA;
				ENABLE_HARDENED_RUNTIME = YES;
				MACOSX_DEPLOYMENT_TARGET = 13.1;
				PRODUCT_NAME = "$(TARGET_NAME)";
				SWIFT_VERSION = 5.0;
			};
			name = Debug;
		};
		0E2E966A29D277870034B6A3 /* Release */ = {
			isa = XCBuildConfiguration;
			buildSettings = {
				CODE_SIGN_STYLE = Automatic;
				DEVELOPMENT_TEAM = 92YDTRVDUA;
				ENABLE_HARDENED_RUNTIME = YES;
				MACOSX_DEPLOYMENT_TARGET = 13.1;
				PRODUCT_NAME = "$(TARGET_NAME)";
				SWIFT_VERSION = 5.0;
			};
			name = Release;
		};
		0E2E967429D279690034B6A3 /* Debug */ = {
			isa = XCBuildConfiguration;
			buildSettings = {
				CODE_SIGN_STYLE = Automatic;
				DEVELOPMENT_TEAM = 92YDTRVDUA;
				ENABLE_HARDENED_RUNTIME = YES;
				MACOSX_DEPLOYMENT_TARGET = 13.1;
				PRODUCT_NAME = "$(TARGET_NAME)";
				SWIFT_VERSION = 5.0;
			};
			name = Debug;
		};
		0E2E967529D279690034B6A3 /* Release */ = {
			isa = XCBuildConfiguration;
			buildSettings = {
				CODE_SIGN_STYLE = Automatic;
				DEVELOPMENT_TEAM = 92YDTRVDUA;
				ENABLE_HARDENED_RUNTIME = YES;
				MACOSX_DEPLOYMENT_TARGET = 13.1;
				PRODUCT_NAME = "$(TARGET_NAME)";
				SWIFT_VERSION = 5.0;
			};
			name = Release;
		};
		0E7752CB2961377600E9E872 /* Debug */ = {
			isa = XCBuildConfiguration;
			buildSettings = {
				CODE_SIGN_STYLE = Automatic;
				DEVELOPMENT_TEAM = 92YDTRVDUA;
				ENABLE_HARDENED_RUNTIME = YES;
				MACOSX_DEPLOYMENT_TARGET = 13.1;
				PRODUCT_NAME = "$(TARGET_NAME)";
				SWIFT_VERSION = 5.0;
			};
			name = Debug;
		};
		0E7752CC2961377600E9E872 /* Release */ = {
			isa = XCBuildConfiguration;
			buildSettings = {
				CODE_SIGN_STYLE = Automatic;
				DEVELOPMENT_TEAM = 92YDTRVDUA;
				ENABLE_HARDENED_RUNTIME = YES;
				MACOSX_DEPLOYMENT_TARGET = 13.1;
				PRODUCT_NAME = "$(TARGET_NAME)";
				SWIFT_VERSION = 5.0;
			};
			name = Release;
		};
		0E901F2029D3AC5D007B8006 /* Debug */ = {
			isa = XCBuildConfiguration;
			buildSettings = {
				CODE_SIGN_STYLE = Automatic;
				DEVELOPMENT_TEAM = 92YDTRVDUA;
				ENABLE_HARDENED_RUNTIME = YES;
				MACOSX_DEPLOYMENT_TARGET = 13.1;
				PRODUCT_NAME = "$(TARGET_NAME)";
				SWIFT_VERSION = 5.0;
			};
			name = Debug;
		};
		0E901F2129D3AC5D007B8006 /* Release */ = {
			isa = XCBuildConfiguration;
			buildSettings = {
				CODE_SIGN_STYLE = Automatic;
				DEVELOPMENT_TEAM = 92YDTRVDUA;
				ENABLE_HARDENED_RUNTIME = YES;
				MACOSX_DEPLOYMENT_TARGET = 13.1;
				PRODUCT_NAME = "$(TARGET_NAME)";
				SWIFT_VERSION = 5.0;
			};
			name = Release;
		};
		0E901F2C29D3B04F007B8006 /* Debug */ = {
			isa = XCBuildConfiguration;
			buildSettings = {
				CODE_SIGN_STYLE = Automatic;
				DEVELOPMENT_TEAM = 92YDTRVDUA;
				ENABLE_HARDENED_RUNTIME = YES;
				MACOSX_DEPLOYMENT_TARGET = 13.1;
				PRODUCT_NAME = "$(TARGET_NAME)";
				SWIFT_VERSION = 5.0;
			};
			name = Debug;
		};
		0E901F2D29D3B04F007B8006 /* Release */ = {
			isa = XCBuildConfiguration;
			buildSettings = {
				CODE_SIGN_STYLE = Automatic;
				DEVELOPMENT_TEAM = 92YDTRVDUA;
				ENABLE_HARDENED_RUNTIME = YES;
				MACOSX_DEPLOYMENT_TARGET = 13.1;
				PRODUCT_NAME = "$(TARGET_NAME)";
				SWIFT_VERSION = 5.0;
			};
			name = Release;
		};
		0E97DA7B28F7F50500C6E32D /* Debug */ = {
			isa = XCBuildConfiguration;
			buildSettings = {
				CODE_SIGN_IDENTITY = "-";
				CODE_SIGN_STYLE = Automatic;
				DEAD_CODE_STRIPPING = YES;
				PRODUCT_NAME = "$(TARGET_NAME)";
				SWIFT_VERSION = 5.0;
			};
			name = Debug;
		};
		0E97DA7C28F7F50500C6E32D /* Release */ = {
			isa = XCBuildConfiguration;
			buildSettings = {
				CODE_SIGN_IDENTITY = "-";
				CODE_SIGN_STYLE = Automatic;
				DEAD_CODE_STRIPPING = YES;
				PRODUCT_NAME = "$(TARGET_NAME)";
				SWIFT_VERSION = 5.0;
			};
			name = Release;
		};
		0E97DA8728F7F6DC00C6E32D /* Debug */ = {
			isa = XCBuildConfiguration;
			buildSettings = {
				CODE_SIGN_IDENTITY = "-";
				CODE_SIGN_STYLE = Automatic;
				DEAD_CODE_STRIPPING = YES;
				PRODUCT_NAME = "$(TARGET_NAME)";
				SWIFT_VERSION = 5.0;
			};
			name = Debug;
		};
		0E97DA8828F7F6DC00C6E32D /* Release */ = {
			isa = XCBuildConfiguration;
			buildSettings = {
				CODE_SIGN_IDENTITY = "-";
				CODE_SIGN_STYLE = Automatic;
				DEAD_CODE_STRIPPING = YES;
				PRODUCT_NAME = "$(TARGET_NAME)";
				SWIFT_VERSION = 5.0;
			};
			name = Release;
		};
		0E99B7F328F95E5A0016003A /* Debug */ = {
			isa = XCBuildConfiguration;
			buildSettings = {
				CODE_SIGN_IDENTITY = "-";
				CODE_SIGN_STYLE = Automatic;
				DEAD_CODE_STRIPPING = YES;
				PRODUCT_NAME = "$(TARGET_NAME)";
				SWIFT_VERSION = 5.0;
			};
			name = Debug;
		};
		0E99B7F428F95E5A0016003A /* Release */ = {
			isa = XCBuildConfiguration;
			buildSettings = {
				CODE_SIGN_IDENTITY = "-";
				CODE_SIGN_STYLE = Automatic;
				DEAD_CODE_STRIPPING = YES;
				PRODUCT_NAME = "$(TARGET_NAME)";
				SWIFT_VERSION = 5.0;
			};
			name = Release;
		};
		0EA0A58D2993AC5C00652588 /* Debug */ = {
			isa = XCBuildConfiguration;
			buildSettings = {
				CODE_SIGN_STYLE = Automatic;
				DEVELOPMENT_TEAM = 92YDTRVDUA;
				ENABLE_HARDENED_RUNTIME = YES;
				MACOSX_DEPLOYMENT_TARGET = 13.1;
				PRODUCT_NAME = "$(TARGET_NAME)";
				SWIFT_VERSION = 5.0;
			};
			name = Debug;
		};
		0EA0A58E2993AC5C00652588 /* Release */ = {
			isa = XCBuildConfiguration;
			buildSettings = {
				CODE_SIGN_STYLE = Automatic;
				DEVELOPMENT_TEAM = 92YDTRVDUA;
				ENABLE_HARDENED_RUNTIME = YES;
				MACOSX_DEPLOYMENT_TARGET = 13.1;
				PRODUCT_NAME = "$(TARGET_NAME)";
				SWIFT_VERSION = 5.0;
			};
			name = Release;
		};
		0EA56B1E2932580000967A99 /* Debug */ = {
			isa = XCBuildConfiguration;
			buildSettings = {
				CODE_SIGN_IDENTITY = "-";
				CODE_SIGN_STYLE = Automatic;
				DEAD_CODE_STRIPPING = YES;
				DEVELOPMENT_TEAM = 92YDTRVDUA;
				ENABLE_HARDENED_RUNTIME = YES;
				MACOSX_DEPLOYMENT_TARGET = 13.0;
				PRODUCT_NAME = "$(TARGET_NAME)";
				SWIFT_VERSION = 5.0;
			};
			name = Debug;
		};
		0EA56B1F2932580000967A99 /* Release */ = {
			isa = XCBuildConfiguration;
			buildSettings = {
				CODE_SIGN_IDENTITY = "-";
				CODE_SIGN_STYLE = Automatic;
				DEAD_CODE_STRIPPING = YES;
				DEVELOPMENT_TEAM = 92YDTRVDUA;
				ENABLE_HARDENED_RUNTIME = YES;
				MACOSX_DEPLOYMENT_TARGET = 13.0;
				PRODUCT_NAME = "$(TARGET_NAME)";
				SWIFT_VERSION = 5.0;
			};
			name = Release;
		};
		0EA56B322932675B00967A99 /* Debug */ = {
			isa = XCBuildConfiguration;
			buildSettings = {
				CODE_SIGN_STYLE = Automatic;
				DEVELOPMENT_TEAM = 92YDTRVDUA;
				ENABLE_HARDENED_RUNTIME = YES;
				MACOSX_DEPLOYMENT_TARGET = 13.0;
				PRODUCT_NAME = "$(TARGET_NAME)";
				SWIFT_VERSION = 5.0;
			};
			name = Debug;
		};
		0EA56B332932675B00967A99 /* Release */ = {
			isa = XCBuildConfiguration;
			buildSettings = {
				CODE_SIGN_STYLE = Automatic;
				DEVELOPMENT_TEAM = 92YDTRVDUA;
				ENABLE_HARDENED_RUNTIME = YES;
				MACOSX_DEPLOYMENT_TARGET = 13.0;
				PRODUCT_NAME = "$(TARGET_NAME)";
				SWIFT_VERSION = 5.0;
			};
			name = Release;
		};
		0EA56B3E29331B4C00967A99 /* Debug */ = {
			isa = XCBuildConfiguration;
			buildSettings = {
				CODE_SIGN_STYLE = Automatic;
				DEVELOPMENT_TEAM = 92YDTRVDUA;
				ENABLE_HARDENED_RUNTIME = YES;
				MACOSX_DEPLOYMENT_TARGET = 13.0;
				PRODUCT_NAME = "$(TARGET_NAME)";
				SWIFT_VERSION = 5.0;
			};
			name = Debug;
		};
		0EA56B3F29331B4C00967A99 /* Release */ = {
			isa = XCBuildConfiguration;
			buildSettings = {
				CODE_SIGN_STYLE = Automatic;
				DEVELOPMENT_TEAM = 92YDTRVDUA;
				ENABLE_HARDENED_RUNTIME = YES;
				MACOSX_DEPLOYMENT_TARGET = 13.0;
				PRODUCT_NAME = "$(TARGET_NAME)";
				SWIFT_VERSION = 5.0;
			};
			name = Release;
		};
		0EB9D18728F660BB00C7C557 /* Debug */ = {
			isa = XCBuildConfiguration;
			buildSettings = {
				ALWAYS_SEARCH_USER_PATHS = NO;
				CLANG_ANALYZER_NONNULL = YES;
				CLANG_ANALYZER_NUMBER_OBJECT_CONVERSION = YES_AGGRESSIVE;
				CLANG_CXX_LANGUAGE_STANDARD = "gnu++20";
				CLANG_ENABLE_MODULES = YES;
				CLANG_ENABLE_OBJC_ARC = YES;
				CLANG_ENABLE_OBJC_WEAK = YES;
				CLANG_WARN_BLOCK_CAPTURE_AUTORELEASING = YES;
				CLANG_WARN_BOOL_CONVERSION = YES;
				CLANG_WARN_COMMA = YES;
				CLANG_WARN_CONSTANT_CONVERSION = YES;
				CLANG_WARN_DEPRECATED_OBJC_IMPLEMENTATIONS = YES;
				CLANG_WARN_DIRECT_OBJC_ISA_USAGE = YES_ERROR;
				CLANG_WARN_DOCUMENTATION_COMMENTS = YES;
				CLANG_WARN_EMPTY_BODY = YES;
				CLANG_WARN_ENUM_CONVERSION = YES;
				CLANG_WARN_INFINITE_RECURSION = YES;
				CLANG_WARN_INT_CONVERSION = YES;
				CLANG_WARN_NON_LITERAL_NULL_CONVERSION = YES;
				CLANG_WARN_OBJC_IMPLICIT_RETAIN_SELF = YES;
				CLANG_WARN_OBJC_LITERAL_CONVERSION = YES;
				CLANG_WARN_OBJC_ROOT_CLASS = YES_ERROR;
				CLANG_WARN_QUOTED_INCLUDE_IN_FRAMEWORK_HEADER = YES;
				CLANG_WARN_RANGE_LOOP_ANALYSIS = YES;
				CLANG_WARN_STRICT_PROTOTYPES = YES;
				CLANG_WARN_SUSPICIOUS_MOVE = YES;
				CLANG_WARN_UNGUARDED_AVAILABILITY = YES_AGGRESSIVE;
				CLANG_WARN_UNREACHABLE_CODE = YES;
				CLANG_WARN__DUPLICATE_METHOD_MATCH = YES;
				COPY_PHASE_STRIP = NO;
				DEAD_CODE_STRIPPING = YES;
				DEBUG_INFORMATION_FORMAT = dwarf;
				ENABLE_STRICT_OBJC_MSGSEND = YES;
				ENABLE_TESTABILITY = YES;
				GCC_C_LANGUAGE_STANDARD = gnu11;
				GCC_DYNAMIC_NO_PIC = NO;
				GCC_NO_COMMON_BLOCKS = YES;
				GCC_OPTIMIZATION_LEVEL = 0;
				GCC_PREPROCESSOR_DEFINITIONS = (
					"DEBUG=1",
					"$(inherited)",
				);
				GCC_WARN_64_TO_32_BIT_CONVERSION = YES;
				GCC_WARN_ABOUT_RETURN_TYPE = YES_ERROR;
				GCC_WARN_UNDECLARED_SELECTOR = YES;
				GCC_WARN_UNINITIALIZED_AUTOS = YES_AGGRESSIVE;
				GCC_WARN_UNUSED_FUNCTION = YES;
				GCC_WARN_UNUSED_VARIABLE = YES;
				MACOSX_DEPLOYMENT_TARGET = 12.3;
				MTL_ENABLE_DEBUG_INFO = INCLUDE_SOURCE;
				MTL_FAST_MATH = YES;
				ONLY_ACTIVE_ARCH = YES;
				SDKROOT = macosx;
				SWIFT_ACTIVE_COMPILATION_CONDITIONS = DEBUG;
				SWIFT_OPTIMIZATION_LEVEL = "-Onone";
			};
			name = Debug;
		};
		0EB9D18828F660BB00C7C557 /* Release */ = {
			isa = XCBuildConfiguration;
			buildSettings = {
				ALWAYS_SEARCH_USER_PATHS = NO;
				CLANG_ANALYZER_NONNULL = YES;
				CLANG_ANALYZER_NUMBER_OBJECT_CONVERSION = YES_AGGRESSIVE;
				CLANG_CXX_LANGUAGE_STANDARD = "gnu++20";
				CLANG_ENABLE_MODULES = YES;
				CLANG_ENABLE_OBJC_ARC = YES;
				CLANG_ENABLE_OBJC_WEAK = YES;
				CLANG_WARN_BLOCK_CAPTURE_AUTORELEASING = YES;
				CLANG_WARN_BOOL_CONVERSION = YES;
				CLANG_WARN_COMMA = YES;
				CLANG_WARN_CONSTANT_CONVERSION = YES;
				CLANG_WARN_DEPRECATED_OBJC_IMPLEMENTATIONS = YES;
				CLANG_WARN_DIRECT_OBJC_ISA_USAGE = YES_ERROR;
				CLANG_WARN_DOCUMENTATION_COMMENTS = YES;
				CLANG_WARN_EMPTY_BODY = YES;
				CLANG_WARN_ENUM_CONVERSION = YES;
				CLANG_WARN_INFINITE_RECURSION = YES;
				CLANG_WARN_INT_CONVERSION = YES;
				CLANG_WARN_NON_LITERAL_NULL_CONVERSION = YES;
				CLANG_WARN_OBJC_IMPLICIT_RETAIN_SELF = YES;
				CLANG_WARN_OBJC_LITERAL_CONVERSION = YES;
				CLANG_WARN_OBJC_ROOT_CLASS = YES_ERROR;
				CLANG_WARN_QUOTED_INCLUDE_IN_FRAMEWORK_HEADER = YES;
				CLANG_WARN_RANGE_LOOP_ANALYSIS = YES;
				CLANG_WARN_STRICT_PROTOTYPES = YES;
				CLANG_WARN_SUSPICIOUS_MOVE = YES;
				CLANG_WARN_UNGUARDED_AVAILABILITY = YES_AGGRESSIVE;
				CLANG_WARN_UNREACHABLE_CODE = YES;
				CLANG_WARN__DUPLICATE_METHOD_MATCH = YES;
				COPY_PHASE_STRIP = NO;
				DEAD_CODE_STRIPPING = YES;
				DEBUG_INFORMATION_FORMAT = "dwarf-with-dsym";
				ENABLE_NS_ASSERTIONS = NO;
				ENABLE_STRICT_OBJC_MSGSEND = YES;
				GCC_C_LANGUAGE_STANDARD = gnu11;
				GCC_NO_COMMON_BLOCKS = YES;
				GCC_WARN_64_TO_32_BIT_CONVERSION = YES;
				GCC_WARN_ABOUT_RETURN_TYPE = YES_ERROR;
				GCC_WARN_UNDECLARED_SELECTOR = YES;
				GCC_WARN_UNINITIALIZED_AUTOS = YES_AGGRESSIVE;
				GCC_WARN_UNUSED_FUNCTION = YES;
				GCC_WARN_UNUSED_VARIABLE = YES;
				MACOSX_DEPLOYMENT_TARGET = 12.3;
				MTL_ENABLE_DEBUG_INFO = NO;
				MTL_FAST_MATH = YES;
				SDKROOT = macosx;
				SWIFT_COMPILATION_MODE = wholemodule;
				SWIFT_OPTIMIZATION_LEVEL = "-O";
			};
			name = Release;
		};
		0EB9D18A28F660BB00C7C557 /* Debug */ = {
			isa = XCBuildConfiguration;
			buildSettings = {
				CODE_SIGN_IDENTITY = "-";
				CODE_SIGN_STYLE = Automatic;
				DEAD_CODE_STRIPPING = YES;
				PRODUCT_NAME = "$(TARGET_NAME)";
				SWIFT_VERSION = 5.0;
			};
			name = Debug;
		};
		0EB9D18B28F660BB00C7C557 /* Release */ = {
			isa = XCBuildConfiguration;
			buildSettings = {
				CODE_SIGN_IDENTITY = "-";
				CODE_SIGN_STYLE = Automatic;
				DEAD_CODE_STRIPPING = YES;
				PRODUCT_NAME = "$(TARGET_NAME)";
				SWIFT_VERSION = 5.0;
			};
			name = Release;
		};
		0EB9D19528F6615100C7C557 /* Debug */ = {
			isa = XCBuildConfiguration;
			buildSettings = {
				CODE_SIGN_IDENTITY = "-";
				CODE_SIGN_STYLE = Automatic;
				DEAD_CODE_STRIPPING = YES;
				PRODUCT_NAME = "$(TARGET_NAME)";
				SWIFT_VERSION = 5.0;
			};
			name = Debug;
		};
		0EB9D19628F6615100C7C557 /* Release */ = {
			isa = XCBuildConfiguration;
			buildSettings = {
				CODE_SIGN_IDENTITY = "-";
				CODE_SIGN_STYLE = Automatic;
				DEAD_CODE_STRIPPING = YES;
				PRODUCT_NAME = "$(TARGET_NAME)";
				SWIFT_VERSION = 5.0;
			};
			name = Release;
		};
		0EB9D1A028F666E000C7C557 /* Debug */ = {
			isa = XCBuildConfiguration;
			buildSettings = {
				CODE_SIGN_IDENTITY = "-";
				CODE_SIGN_STYLE = Automatic;
				DEAD_CODE_STRIPPING = YES;
				PRODUCT_NAME = "$(TARGET_NAME)";
				SWIFT_VERSION = 5.0;
			};
			name = Debug;
		};
		0EB9D1A128F666E000C7C557 /* Release */ = {
			isa = XCBuildConfiguration;
			buildSettings = {
				CODE_SIGN_IDENTITY = "-";
				CODE_SIGN_STYLE = Automatic;
				DEAD_CODE_STRIPPING = YES;
				PRODUCT_NAME = "$(TARGET_NAME)";
				SWIFT_VERSION = 5.0;
			};
			name = Release;
		};
		0EB9D1AB28F6687900C7C557 /* Debug */ = {
			isa = XCBuildConfiguration;
			buildSettings = {
				CODE_SIGN_IDENTITY = "-";
				CODE_SIGN_STYLE = Automatic;
				DEAD_CODE_STRIPPING = YES;
				PRODUCT_NAME = "$(TARGET_NAME)";
				SWIFT_VERSION = 5.0;
			};
			name = Debug;
		};
		0EB9D1AC28F6687900C7C557 /* Release */ = {
			isa = XCBuildConfiguration;
			buildSettings = {
				CODE_SIGN_IDENTITY = "-";
				CODE_SIGN_STYLE = Automatic;
				DEAD_CODE_STRIPPING = YES;
				PRODUCT_NAME = "$(TARGET_NAME)";
				SWIFT_VERSION = 5.0;
			};
			name = Release;
		};
		0EE42A8129D42F8800C04A38 /* Debug */ = {
			isa = XCBuildConfiguration;
			buildSettings = {
				CODE_SIGN_STYLE = Automatic;
				DEVELOPMENT_TEAM = 92YDTRVDUA;
				ENABLE_HARDENED_RUNTIME = YES;
				MACOSX_DEPLOYMENT_TARGET = 13.1;
				PRODUCT_NAME = "$(TARGET_NAME)";
				SWIFT_VERSION = 5.0;
			};
			name = Debug;
		};
		0EE42A8229D42F8800C04A38 /* Release */ = {
			isa = XCBuildConfiguration;
			buildSettings = {
				CODE_SIGN_STYLE = Automatic;
				DEVELOPMENT_TEAM = 92YDTRVDUA;
				ENABLE_HARDENED_RUNTIME = YES;
				MACOSX_DEPLOYMENT_TARGET = 13.1;
				PRODUCT_NAME = "$(TARGET_NAME)";
				SWIFT_VERSION = 5.0;
			};
			name = Release;
		};
		0EE42A8D29D4389D00C04A38 /* Debug */ = {
			isa = XCBuildConfiguration;
			buildSettings = {
				CODE_SIGN_STYLE = Automatic;
				DEVELOPMENT_TEAM = 92YDTRVDUA;
				ENABLE_HARDENED_RUNTIME = YES;
				MACOSX_DEPLOYMENT_TARGET = 13.1;
				PRODUCT_NAME = "$(TARGET_NAME)";
				SWIFT_VERSION = 5.0;
			};
			name = Debug;
		};
		0EE42A8E29D4389D00C04A38 /* Release */ = {
			isa = XCBuildConfiguration;
			buildSettings = {
				CODE_SIGN_STYLE = Automatic;
				DEVELOPMENT_TEAM = 92YDTRVDUA;
				ENABLE_HARDENED_RUNTIME = YES;
				MACOSX_DEPLOYMENT_TARGET = 13.1;
				PRODUCT_NAME = "$(TARGET_NAME)";
				SWIFT_VERSION = 5.0;
			};
			name = Release;
		};
/* End XCBuildConfiguration section */

/* Begin XCConfigurationList section */
		0E03B56929CD42FF00698C42 /* Build configuration list for PBXNativeTarget "MaxMin" */ = {
			isa = XCConfigurationList;
			buildConfigurations = (
				0E03B56729CD42FF00698C42 /* Debug */,
				0E03B56829CD42FF00698C42 /* Release */,
			);
			defaultConfigurationIsVisible = 0;
			defaultConfigurationName = Release;
		};
		0E125C8729951BEF0019EF0B /* Build configuration list for PBXNativeTarget "aPlusBMinusThree" */ = {
			isa = XCConfigurationList;
			buildConfigurations = (
				0E125C8529951BEF0019EF0B /* Debug */,
				0E125C8629951BEF0019EF0B /* Release */,
			);
			defaultConfigurationIsVisible = 0;
			defaultConfigurationName = Release;
		};
		0E2908EF29D138AF0043260F /* Build configuration list for PBXNativeTarget "ADivideB" */ = {
			isa = XCConfigurationList;
			buildConfigurations = (
				0E2908F029D138AF0043260F /* Debug */,
				0E2908F129D138AF0043260F /* Release */,
			);
			defaultConfigurationIsVisible = 0;
			defaultConfigurationName = Release;
		};
		0E2908FA29D141590043260F /* Build configuration list for PBXNativeTarget "LittleJeongmin" */ = {
			isa = XCConfigurationList;
			buildConfigurations = (
				0E2908FB29D141590043260F /* Debug */,
				0E2908FC29D141590043260F /* Release */,
			);
			defaultConfigurationIsVisible = 0;
			defaultConfigurationName = Release;
		};
		0E29090529D144110043260F /* Build configuration list for PBXNativeTarget "TakeAStar1" */ = {
			isa = XCConfigurationList;
			buildConfigurations = (
				0E29090629D144110043260F /* Debug */,
				0E29090729D144110043260F /* Release */,
			);
			defaultConfigurationIsVisible = 0;
			defaultConfigurationName = Release;
		};
		0E2E963229D25CAD0034B6A3 /* Build configuration list for PBXNativeTarget "TodayDate" */ = {
			isa = XCConfigurationList;
			buildConfigurations = (
				0E2E963029D25CAD0034B6A3 /* Debug */,
				0E2E963129D25CAD0034B6A3 /* Release */,
			);
			defaultConfigurationIsVisible = 0;
			defaultConfigurationName = Release;
		};
		0E2E963C29D26DDF0034B6A3 /* Build configuration list for PBXNativeTarget "Sprout" */ = {
			isa = XCConfigurationList;
			buildConfigurations = (
				0E2E963D29D26DDF0034B6A3 /* Debug */,
				0E2E963E29D26DDF0034B6A3 /* Release */,
			);
			defaultConfigurationIsVisible = 0;
			defaultConfigurationName = Release;
		};
		0E2E965229D272840034B6A3 /* Build configuration list for PBXNativeTarget "Registration" */ = {
			isa = XCConfigurationList;
			buildConfigurations = (
				0E2E965329D272840034B6A3 /* Debug */,
				0E2E965429D272840034B6A3 /* Release */,
			);
			defaultConfigurationIsVisible = 0;
			defaultConfigurationName = Release;
		};
		0E2E965D29D274570034B6A3 /* Build configuration list for PBXNativeTarget "SafariWorld" */ = {
			isa = XCConfigurationList;
			buildConfigurations = (
				0E2E965E29D274570034B6A3 /* Debug */,
				0E2E965F29D274570034B6A3 /* Release */,
			);
			defaultConfigurationIsVisible = 0;
			defaultConfigurationName = Release;
		};
		0E2E966829D277870034B6A3 /* Build configuration list for PBXNativeTarget "NChopping" */ = {
			isa = XCConfigurationList;
			buildConfigurations = (
				0E2E966929D277870034B6A3 /* Debug */,
				0E2E966A29D277870034B6A3 /* Release */,
			);
			defaultConfigurationIsVisible = 0;
			defaultConfigurationName = Release;
		};
		0E2E967329D279690034B6A3 /* Build configuration list for PBXNativeTarget "Factorial" */ = {
			isa = XCConfigurationList;
			buildConfigurations = (
				0E2E967429D279690034B6A3 /* Debug */,
				0E2E967529D279690034B6A3 /* Release */,
			);
			defaultConfigurationIsVisible = 0;
			defaultConfigurationName = Release;
		};
		0E7752CA2961377600E9E872 /* Build configuration list for PBXNativeTarget "PickAQuadrant" */ = {
			isa = XCConfigurationList;
			buildConfigurations = (
				0E7752CB2961377600E9E872 /* Debug */,
				0E7752CC2961377600E9E872 /* Release */,
			);
			defaultConfigurationIsVisible = 0;
			defaultConfigurationName = Release;
		};
		0E901F2229D3AC5D007B8006 /* Build configuration list for PBXNativeTarget "TakeAStar2" */ = {
			isa = XCConfigurationList;
			buildConfigurations = (
				0E901F2029D3AC5D007B8006 /* Debug */,
				0E901F2129D3AC5D007B8006 /* Release */,
			);
			defaultConfigurationIsVisible = 0;
			defaultConfigurationName = Release;
		};
		0E901F2B29D3B04F007B8006 /* Build configuration list for PBXNativeTarget "OutputAsIs" */ = {
			isa = XCConfigurationList;
			buildConfigurations = (
				0E901F2C29D3B04F007B8006 /* Debug */,
				0E901F2D29D3B04F007B8006 /* Release */,
			);
			defaultConfigurationIsVisible = 0;
			defaultConfigurationName = Release;
		};
		0E97DA7D28F7F50500C6E32D /* Build configuration list for PBXNativeTarget "gugudan" */ = {
			isa = XCConfigurationList;
			buildConfigurations = (
				0E97DA7B28F7F50500C6E32D /* Debug */,
				0E97DA7C28F7F50500C6E32D /* Release */,
			);
			defaultConfigurationIsVisible = 0;
			defaultConfigurationName = Release;
		};
		0E97DA8628F7F6DC00C6E32D /* Build configuration list for PBXNativeTarget "wordStduy" */ = {
			isa = XCConfigurationList;
			buildConfigurations = (
				0E97DA8728F7F6DC00C6E32D /* Debug */,
				0E97DA8828F7F6DC00C6E32D /* Release */,
			);
			defaultConfigurationIsVisible = 0;
			defaultConfigurationName = Release;
		};
		0E99B7F528F95E5A0016003A /* Build configuration list for PBXNativeTarget "receipt" */ = {
			isa = XCConfigurationList;
			buildConfigurations = (
				0E99B7F328F95E5A0016003A /* Debug */,
				0E99B7F428F95E5A0016003A /* Release */,
			);
			defaultConfigurationIsVisible = 0;
			defaultConfigurationName = Release;
		};
		0EA0A58C2993AC5C00652588 /* Build configuration list for PBXNativeTarget "CompareTwoNumbers" */ = {
			isa = XCConfigurationList;
			buildConfigurations = (
				0EA0A58D2993AC5C00652588 /* Debug */,
				0EA0A58E2993AC5C00652588 /* Release */,
			);
			defaultConfigurationIsVisible = 0;
			defaultConfigurationName = Release;
		};
		0EA56B202932580000967A99 /* Build configuration list for PBXNativeTarget "selectionSort" */ = {
			isa = XCConfigurationList;
			buildConfigurations = (
				0EA56B1E2932580000967A99 /* Debug */,
				0EA56B1F2932580000967A99 /* Release */,
			);
			defaultConfigurationIsVisible = 0;
			defaultConfigurationName = Release;
		};
		0EA56B342932675B00967A99 /* Build configuration list for PBXNativeTarget "insertionSort" */ = {
			isa = XCConfigurationList;
			buildConfigurations = (
				0EA56B322932675B00967A99 /* Debug */,
				0EA56B332932675B00967A99 /* Release */,
			);
			defaultConfigurationIsVisible = 0;
			defaultConfigurationName = Release;
		};
		0EA56B3D29331B4C00967A99 /* Build configuration list for PBXNativeTarget "BubbleSort" */ = {
			isa = XCConfigurationList;
			buildConfigurations = (
				0EA56B3E29331B4C00967A99 /* Debug */,
				0EA56B3F29331B4C00967A99 /* Release */,
			);
			defaultConfigurationIsVisible = 0;
			defaultConfigurationName = Release;
		};
		0EB9D17D28F660BB00C7C557 /* Build configuration list for PBXProject "SwiftAlgorithm" */ = {
			isa = XCConfigurationList;
			buildConfigurations = (
				0EB9D18728F660BB00C7C557 /* Debug */,
				0EB9D18828F660BB00C7C557 /* Release */,
			);
			defaultConfigurationIsVisible = 0;
			defaultConfigurationName = Release;
		};
		0EB9D18928F660BB00C7C557 /* Build configuration list for PBXNativeTarget "SwiftAlgorithm" */ = {
			isa = XCConfigurationList;
			buildConfigurations = (
				0EB9D18A28F660BB00C7C557 /* Debug */,
				0EB9D18B28F660BB00C7C557 /* Release */,
			);
			defaultConfigurationIsVisible = 0;
			defaultConfigurationName = Release;
		};
		0EB9D19428F6615100C7C557 /* Build configuration list for PBXNativeTarget "aPlusb" */ = {
			isa = XCConfigurationList;
			buildConfigurations = (
				0EB9D19528F6615100C7C557 /* Debug */,
				0EB9D19628F6615100C7C557 /* Release */,
			);
			defaultConfigurationIsVisible = 0;
			defaultConfigurationName = Release;
		};
		0EB9D19F28F666E000C7C557 /* Build configuration list for PBXNativeTarget "aMinusb" */ = {
			isa = XCConfigurationList;
			buildConfigurations = (
				0EB9D1A028F666E000C7C557 /* Debug */,
				0EB9D1A128F666E000C7C557 /* Release */,
			);
			defaultConfigurationIsVisible = 0;
			defaultConfigurationName = Release;
		};
		0EB9D1AA28F6687900C7C557 /* Build configuration list for PBXNativeTarget "wordCount" */ = {
			isa = XCConfigurationList;
			buildConfigurations = (
				0EB9D1AB28F6687900C7C557 /* Debug */,
				0EB9D1AC28F6687900C7C557 /* Release */,
			);
			defaultConfigurationIsVisible = 0;
			defaultConfigurationName = Release;
		};
		0EE42A8329D42F8800C04A38 /* Build configuration list for PBXNativeTarget "SummingUpNumbers" */ = {
			isa = XCConfigurationList;
			buildConfigurations = (
				0EE42A8129D42F8800C04A38 /* Debug */,
				0EE42A8229D42F8800C04A38 /* Release */,
			);
			defaultConfigurationIsVisible = 0;
			defaultConfigurationName = Release;
		};
		0EE42A8C29D4389D00C04A38 /* Build configuration list for PBXNativeTarget "Average" */ = {
			isa = XCConfigurationList;
			buildConfigurations = (
				0EE42A8D29D4389D00C04A38 /* Debug */,
				0EE42A8E29D4389D00C04A38 /* Release */,
			);
			defaultConfigurationIsVisible = 0;
			defaultConfigurationName = Release;
		};
/* End XCConfigurationList section */
	};
	rootObject = 0EB9D17A28F660BB00C7C557 /* Project object */;
}
